// !$*UTF8*$!
{
	archiveVersion = 1;
	classes = {
	};
	objectVersion = 46;
	objects = {

/* Begin PBXBuildFile section */
		530DA07813FAFEDB0044914D /* WriteNow.xcdatamodeld in Sources */ = {isa = PBXBuildFile; fileRef = 530DA07613FAFEDB0044914D /* WriteNow.xcdatamodeld */; };
		5315678313FB4B630044C5A9 /* QuartzCore.framework in Frameworks */ = {isa = PBXBuildFile; fileRef = 5315678213FB4B620044C5A9 /* QuartzCore.framework */; };
		531567A013FB665F0044C5A9 /* SettingsViewController.m in Sources */ = {isa = PBXBuildFile; fileRef = 5315679F13FB665F0044C5A9 /* SettingsViewController.m */; };
		531567B113FB7F7F0044C5A9 /* CurrentViewController.m in Sources */ = {isa = PBXBuildFile; fileRef = 531567AF13FB7F7F0044C5A9 /* CurrentViewController.m */; };
		531567B213FB7F7F0044C5A9 /* CurrentViewController.xib in Resources */ = {isa = PBXBuildFile; fileRef = 531567B013FB7F7F0044C5A9 /* CurrentViewController.xib */; };
		531567D813FB827A0044C5A9 /* classic_folder_documents.png in Resources */ = {isa = PBXBuildFile; fileRef = 531567B713FB827A0044C5A9 /* classic_folder_documents.png */; };
		531567DA13FB827A0044C5A9 /* document_small.png in Resources */ = {isa = PBXBuildFile; fileRef = 531567BA13FB827A0044C5A9 /* document_small.png */; };
		531567DB13FB827A0044C5A9 /* documents_folder_white.png in Resources */ = {isa = PBXBuildFile; fileRef = 531567BB13FB827A0044C5A9 /* documents_folder_white.png */; };
		531567DC13FB827A0044C5A9 /* documents_white_small.png in Resources */ = {isa = PBXBuildFile; fileRef = 531567BC13FB827A0044C5A9 /* documents_white_small.png */; };
		531567DD13FB827A0044C5A9 /* documents.png in Resources */ = {isa = PBXBuildFile; fileRef = 531567BD13FB827A0044C5A9 /* documents.png */; };
		531567DE13FB827A0044C5A9 /* FileCustomCell.m in Sources */ = {isa = PBXBuildFile; fileRef = 531567BF13FB827A0044C5A9 /* FileCustomCell.m */; };
		531567DF13FB827A0044C5A9 /* FileCustomCell.xib in Resources */ = {isa = PBXBuildFile; fileRef = 531567C013FB827A0044C5A9 /* FileCustomCell.xib */; };
		531567E013FB827A0044C5A9 /* folder_open_go.png in Resources */ = {isa = PBXBuildFile; fileRef = 531567C113FB827A0044C5A9 /* folder_open_go.png */; };
		531567E113FB827A0044C5A9 /* folder_small.png in Resources */ = {isa = PBXBuildFile; fileRef = 531567C213FB827A0044C5A9 /* folder_small.png */; };
		531567E213FB827A0044C5A9 /* FolderCell.m in Sources */ = {isa = PBXBuildFile; fileRef = 531567C413FB827A0044C5A9 /* FolderCell.m */; };
		531567E313FB827A0044C5A9 /* FolderCell.xib in Resources */ = {isa = PBXBuildFile; fileRef = 531567C513FB827A0044C5A9 /* FolderCell.xib */; };
		531567E413FB827A0044C5A9 /* lined_paper_320x200.png in Resources */ = {isa = PBXBuildFile; fileRef = 531567C613FB827A0044C5A9 /* lined_paper_320x200.png */; };
		531567E513FB827A0044C5A9 /* MEMO_FINAL3.png in Resources */ = {isa = PBXBuildFile; fileRef = 531567C713FB827A0044C5A9 /* MEMO_FINAL3.png */; };
		531567E613FB827A0044C5A9 /* MEMO.png in Resources */ = {isa = PBXBuildFile; fileRef = 531567C813FB827A0044C5A9 /* MEMO.png */; };
		531567E713FB827A0044C5A9 /* multi_folder_badged.png in Resources */ = {isa = PBXBuildFile; fileRef = 531567C913FB827A0044C5A9 /* multi_folder_badged.png */; };
		531567E813FB827A0044C5A9 /* note_go.png in Resources */ = {isa = PBXBuildFile; fileRef = 531567CA13FB827A0044C5A9 /* note_go.png */; };
		531567E913FB827A0044C5A9 /* note_small.png in Resources */ = {isa = PBXBuildFile; fileRef = 531567CB13FB827A0044C5A9 /* note_small.png */; };
		531567EA13FB827A0044C5A9 /* NSManagedObjectContext-insert.m in Sources */ = {isa = PBXBuildFile; fileRef = 531567CD13FB827A0044C5A9 /* NSManagedObjectContext-insert.m */; };
		531567EB13FB827A0044C5A9 /* StartScreenCustomCell.m in Sources */ = {isa = PBXBuildFile; fileRef = 531567CF13FB827A0044C5A9 /* StartScreenCustomCell.m */; };
		531567EC13FB827A0044C5A9 /* StartScreenCustomCell.xib in Resources */ = {isa = PBXBuildFile; fileRef = 531567D013FB827A0044C5A9 /* StartScreenCustomCell.xib */; };
		531567ED13FB827A0044C5A9 /* TaskCustomCell.m in Sources */ = {isa = PBXBuildFile; fileRef = 531567D213FB827A0044C5A9 /* TaskCustomCell.m */; };
		531567EE13FB827A0044C5A9 /* TaskCustomCell.xib in Resources */ = {isa = PBXBuildFile; fileRef = 531567D313FB827A0044C5A9 /* TaskCustomCell.xib */; };
		531567EF13FB827A0044C5A9 /* Tasks icon.png in Resources */ = {isa = PBXBuildFile; fileRef = 531567D413FB827A0044C5A9 /* Tasks icon.png */; };
		531567F013FB827A0044C5A9 /* ToDo.png in Resources */ = {isa = PBXBuildFile; fileRef = 531567D513FB827A0044C5A9 /* ToDo.png */; };
		531567F513FB83560044C5A9 /* CalendarViewController.m in Sources */ = {isa = PBXBuildFile; fileRef = 531567F313FB83560044C5A9 /* CalendarViewController.m */; };
		531567F613FB83560044C5A9 /* CalendarViewController.xib in Resources */ = {isa = PBXBuildFile; fileRef = 531567F413FB83560044C5A9 /* CalendarViewController.xib */; };
		531567FA13FB83800044C5A9 /* DiaryViewController.m in Sources */ = {isa = PBXBuildFile; fileRef = 531567F813FB83800044C5A9 /* DiaryViewController.m */; };
		531567FF13FB83B00044C5A9 /* FoldersViewController.m in Sources */ = {isa = PBXBuildFile; fileRef = 531567FD13FB83B00044C5A9 /* FoldersViewController.m */; };
		5315680013FB83B00044C5A9 /* FoldersViewController.xib in Resources */ = {isa = PBXBuildFile; fileRef = 531567FE13FB83B00044C5A9 /* FoldersViewController.xib */; };
		5318F1F013FE0F6C00BFDCC5 /* add-item.png in Resources */ = {isa = PBXBuildFile; fileRef = 5318F1EF13FE0F6C00BFDCC5 /* add-item.png */; };
		5318F1F213FE0FAB00BFDCC5 /* calendar.png in Resources */ = {isa = PBXBuildFile; fileRef = 5318F1F113FE0FAB00BFDCC5 /* calendar.png */; };
		532F191413FB0D9500CECBD1 /* MainViewController.m in Sources */ = {isa = PBXBuildFile; fileRef = 532F191313FB0D9500CECBD1 /* MainViewController.m */; };
		533D3D3113FEE1120043833E /* note_accept.png in Resources */ = {isa = PBXBuildFile; fileRef = 533D3D3013FEE1120043833E /* note_accept.png */; };
		533D3D3413FF98320043833E /* bluebutton.png in Resources */ = {isa = PBXBuildFile; fileRef = 533D3D3313FF98320043833E /* bluebutton.png */; };
		533D3D3713FF99230043833E /* AppointmentCustomCell.m in Sources */ = {isa = PBXBuildFile; fileRef = 533D3D3613FF99220043833E /* AppointmentCustomCell.m */; };
		533D3D3913FF99470043833E /* AppointmentCustomCell.xib in Resources */ = {isa = PBXBuildFile; fileRef = 533D3D3813FF99470043833E /* AppointmentCustomCell.xib */; };
		533D3D44140017130043833E /* DiaryTableViewController.m in Sources */ = {isa = PBXBuildFile; fileRef = 533D3D43140017130043833E /* DiaryTableViewController.m */; };
		533D3D47140017EE0043833E /* TasksTableViewController.m in Sources */ = {isa = PBXBuildFile; fileRef = 533D3D46140017EE0043833E /* TasksTableViewController.m */; };
		533D3D50140061750043833E /* AppointmentsTableViewController.m in Sources */ = {isa = PBXBuildFile; fileRef = 533D3D4F140061750043833E /* AppointmentsTableViewController.m */; };
		533D3D55140089B60043833E /* DetailViewController.m in Sources */ = {isa = PBXBuildFile; fileRef = 533D3D53140089B60043833E /* DetailViewController.m */; };
		533D3D56140089B60043833E /* DetailViewController.xib in Resources */ = {isa = PBXBuildFile; fileRef = 533D3D54140089B60043833E /* DetailViewController.xib */; };
		53421C9C1404C1B200CFF414 /* edit.png in Resources */ = {isa = PBXBuildFile; fileRef = 53421C9B1404C1B200CFF414 /* edit.png */; };
		53421C9F1404C1BD00CFF414 /* email.png in Resources */ = {isa = PBXBuildFile; fileRef = 53421C9E1404C1BD00CFF414 /* email.png */; };
		53421CA11404C1D700CFF414 /* full-screen.png in Resources */ = {isa = PBXBuildFile; fileRef = 53421CA01404C1D700CFF414 /* full-screen.png */; };
		53421CA31404C22700CFF414 /* save.png in Resources */ = {isa = PBXBuildFile; fileRef = 53421CA21404C22700CFF414 /* save.png */; };
		53421CA51404C25C00CFF414 /* push-pin.png in Resources */ = {isa = PBXBuildFile; fileRef = 53421CA41404C25C00CFF414 /* push-pin.png */; };
		53421CA71404C28600CFF414 /* delete-item.png in Resources */ = {isa = PBXBuildFile; fileRef = 53421CA61404C28600CFF414 /* delete-item.png */; };
		53421CA91404C2BD00CFF414 /* 12-eye.png in Resources */ = {isa = PBXBuildFile; fileRef = 53421CA81404C2BD00CFF414 /* 12-eye.png */; };
		53421CAB1404C33900CFF414 /* 63-runner.png in Resources */ = {isa = PBXBuildFile; fileRef = 53421CAA1404C33900CFF414 /* 63-runner.png */; };
		53421CB11404D39400CFF414 /* keyboard_24.png in Resources */ = {isa = PBXBuildFile; fileRef = 53421CB01404D39300CFF414 /* keyboard_24.png */; };
		53421CB51404D5A500CFF414 /* keyboard_down.png in Resources */ = {isa = PBXBuildFile; fileRef = 53421CB41404D5A400CFF414 /* keyboard_down.png */; };
		53421CB71404D5F700CFF414 /* clock_running.png in Resources */ = {isa = PBXBuildFile; fileRef = 53421CB61404D5F600CFF414 /* clock_running.png */; };
		53421CB91404D71B00CFF414 /* storage_24.png in Resources */ = {isa = PBXBuildFile; fileRef = 53421CB81404D71A00CFF414 /* storage_24.png */; };
		53421CBB1404D8D600CFF414 /* save_document.png in Resources */ = {isa = PBXBuildFile; fileRef = 53421CBA1404D8D500CFF414 /* save_document.png */; };
		53421CC11404DC4100CFF414 /* document_todo.png in Resources */ = {isa = PBXBuildFile; fileRef = 53421CC01404DC4000CFF414 /* document_todo.png */; };
		53421CCB1404F68600CFF414 /* arrow_left_24.png in Resources */ = {isa = PBXBuildFile; fileRef = 53421CCA1404F67D00CFF414 /* arrow_left_24.png */; };
		53421CD11404F81600CFF414 /* alarm_24.png in Resources */ = {isa = PBXBuildFile; fileRef = 53421CCC1404F7E600CFF414 /* alarm_24.png */; };
		53421CD21404F81600CFF414 /* alarm_check_24.png in Resources */ = {isa = PBXBuildFile; fileRef = 53421CCD1404F7ED00CFF414 /* alarm_check_24.png */; };
		53421CD31404F81600CFF414 /* alarm_on_24.png in Resources */ = {isa = PBXBuildFile; fileRef = 53421CCE1404F7F500CFF414 /* alarm_on_24.png */; };
		53421CD41404F81600CFF414 /* calendar_24.png in Resources */ = {isa = PBXBuildFile; fileRef = 53421CCF1404F80600CFF414 /* calendar_24.png */; };
		53421CD51404F81600CFF414 /* clock_24.png in Resources */ = {isa = PBXBuildFile; fileRef = 53421CD01404F80D00CFF414 /* clock_24.png */; };
		53421CD71404FF4300CFF414 /* alarm_off_24.png in Resources */ = {isa = PBXBuildFile; fileRef = 53421CD61404FF3B00CFF414 /* alarm_off_24.png */; };
		53421CD91405022300CFF414 /* arrow_circle_left_24.png in Resources */ = {isa = PBXBuildFile; fileRef = 53421CD81405021C00CFF414 /* arrow_circle_left_24.png */; };
		53485BF313FC4EBD001CA9EB /* Place.m in Sources */ = {isa = PBXBuildFile; fileRef = 53485BF213FC4EBD001CA9EB /* Place.m */; };
		53485BF613FC4EBD001CA9EB /* Tag.m in Sources */ = {isa = PBXBuildFile; fileRef = 53485BF513FC4EBD001CA9EB /* Tag.m */; };
		53485BF913FC4EBD001CA9EB /* Folder.m in Sources */ = {isa = PBXBuildFile; fileRef = 53485BF813FC4EBD001CA9EB /* Folder.m */; };
		53485BFC13FC4EBD001CA9EB /* Person.m in Sources */ = {isa = PBXBuildFile; fileRef = 53485BFB13FC4EBD001CA9EB /* Person.m */; };
		53485BFF13FC4EBD001CA9EB /* File.m in Sources */ = {isa = PBXBuildFile; fileRef = 53485BFE13FC4EBD001CA9EB /* File.m */; };
		53485C0513FC4EBD001CA9EB /* Note.m in Sources */ = {isa = PBXBuildFile; fileRef = 53485C0413FC4EBD001CA9EB /* Note.m */; };
		53485C0813FC4EBD001CA9EB /* Memo.m in Sources */ = {isa = PBXBuildFile; fileRef = 53485C0713FC4EBD001CA9EB /* Memo.m */; };
		537AD84F1400C9B900259452 /* FoldersTableViewController.m in Sources */ = {isa = PBXBuildFile; fileRef = 537AD84E1400C9B900259452 /* FoldersTableViewController.m */; };
		537AD85A1402544C00259452 /* 11-clock1.png in Resources */ = {isa = PBXBuildFile; fileRef = 537AD8591402544C00259452 /* 11-clock1.png */; };
		537C7A5E13FCFF940086D4AE /* 11-clock.png in Resources */ = {isa = PBXBuildFile; fileRef = 537C7A5B13FCFF940086D4AE /* 11-clock.png */; };
		537C7A5F13FCFF940086D4AE /* 15-tags.png in Resources */ = {isa = PBXBuildFile; fileRef = 537C7A5C13FCFF940086D4AE /* 15-tags.png */; };
		537C7A6013FCFF940086D4AE /* 33-cabinet.png in Resources */ = {isa = PBXBuildFile; fileRef = 537C7A5D13FCFF940086D4AE /* 33-cabinet.png */; };
		537C7A6413FCFFEE0086D4AE /* 83-calendar.png in Resources */ = {isa = PBXBuildFile; fileRef = 537C7A6213FCFFEE0086D4AE /* 83-calendar.png */; };
		537C7A6513FCFFEE0086D4AE /* 117-todo.png in Resources */ = {isa = PBXBuildFile; fileRef = 537C7A6313FCFFEE0086D4AE /* 117-todo.png */; };
		537C7A6813FD000B0086D4AE /* 179-notepad.png in Resources */ = {isa = PBXBuildFile; fileRef = 537C7A6613FD000B0086D4AE /* 179-notepad.png */; };
		537C7A6913FD000B0086D4AE /* 180-stickynote.png in Resources */ = {isa = PBXBuildFile; fileRef = 537C7A6713FD000B0086D4AE /* 180-stickynote.png */; };
		537C7A6B13FD002D0086D4AE /* 14-tag.png in Resources */ = {isa = PBXBuildFile; fileRef = 537C7A6A13FD002D0086D4AE /* 14-tag.png */; };
		537FBE1213FDA100005E705F /* TasksViewController.m in Sources */ = {isa = PBXBuildFile; fileRef = 537FBE1013FDA100005E705F /* TasksViewController.m */; };
		537FBE1313FDA100005E705F /* TasksViewController.xib in Resources */ = {isa = PBXBuildFile; fileRef = 537FBE1113FDA100005E705F /* TasksViewController.xib */; };
		538165041410BA6700E90FD1 /* AddFolderShaded30.png in Resources */ = {isa = PBXBuildFile; fileRef = 538164FB1410BA6700E90FD1 /* AddFolderShaded30.png */; };
		538165051410BA6700E90FD1 /* AddNoteShaded30.png in Resources */ = {isa = PBXBuildFile; fileRef = 538164FC1410BA6700E90FD1 /* AddNoteShaded30.png */; };
		538165061410BA6700E90FD1 /* book_nav.png in Resources */ = {isa = PBXBuildFile; fileRef = 538164FD1410BA6700E90FD1 /* book_nav.png */; };
		538165071410BA6700E90FD1 /* folder_nav.png in Resources */ = {isa = PBXBuildFile; fileRef = 538164FE1410BA6700E90FD1 /* folder_nav.png */; };
		538165081410BA6700E90FD1 /* FolderShaded_30.png in Resources */ = {isa = PBXBuildFile; fileRef = 538164FF1410BA6700E90FD1 /* FolderShaded_30.png */; };
		538165091410BA6700E90FD1 /* NotePad_nav.png in Resources */ = {isa = PBXBuildFile; fileRef = 538165001410BA6700E90FD1 /* NotePad_nav.png */; };
		5381650A1410BA6700E90FD1 /* pages_nav.png in Resources */ = {isa = PBXBuildFile; fileRef = 538165011410BA6700E90FD1 /* pages_nav.png */; };
		5381650B1410BA6700E90FD1 /* SaveToArchive_24.png in Resources */ = {isa = PBXBuildFile; fileRef = 538165021410BA6700E90FD1 /* SaveToArchive_24.png */; };
		5381650C1410BA6700E90FD1 /* SaveToArchive30.png in Resources */ = {isa = PBXBuildFile; fileRef = 538165031410BA6700E90FD1 /* SaveToArchive30.png */; };
		538ADC3F13FCF6FE005C08CD /* MessageEntryBackground.png in Resources */ = {isa = PBXBuildFile; fileRef = 538ADC3B13FCF6FC005C08CD /* MessageEntryBackground.png */; };
		538ADC4013FCF6FE005C08CD /* MessageEntryBackground@2x.png in Resources */ = {isa = PBXBuildFile; fileRef = 538ADC3C13FCF6FC005C08CD /* MessageEntryBackground@2x.png */; };
		538ADC4113FCF6FE005C08CD /* MessageEntryInputField.png in Resources */ = {isa = PBXBuildFile; fileRef = 538ADC3D13FCF6FD005C08CD /* MessageEntryInputField.png */; };
		538ADC4213FCF6FE005C08CD /* MessageEntryInputField@2x.png in Resources */ = {isa = PBXBuildFile; fileRef = 538ADC3E13FCF6FD005C08CD /* MessageEntryInputField@2x.png */; };
		53980E79140779A200833716 /* SettingsViewController.xib in Resources */ = {isa = PBXBuildFile; fileRef = 53980E78140779A200833716 /* SettingsViewController.xib */; };
		53980E8A1408051500833716 /* CustomTextView.m in Sources */ = {isa = PBXBuildFile; fileRef = 53980E891408051500833716 /* CustomTextView.m */; };
		53980E9514095FF700833716 /* AddEntityViewController.m in Sources */ = {isa = PBXBuildFile; fileRef = 53980E9314095FF700833716 /* AddEntityViewController.m */; };
		53980E9614095FF700833716 /* AddEntityViewController.xib in Resources */ = {isa = PBXBuildFile; fileRef = 53980E9414095FF700833716 /* AddEntityViewController.xib */; };
		53980E991409604500833716 /* CustomToolBar.m in Sources */ = {isa = PBXBuildFile; fileRef = 53980E981409604500833716 /* CustomToolBar.m */; };
		53980E9D1409736B00833716 /* AddEntityTableViewController.m in Sources */ = {isa = PBXBuildFile; fileRef = 53980E9C1409736B00833716 /* AddEntityTableViewController.m */; };
		53A5997C140E9F1F001AD61F /* CustomToolBarMainView.m in Sources */ = {isa = PBXBuildFile; fileRef = 53A5997B140E9F1F001AD61F /* CustomToolBarMainView.m */; };
		53A59981140EA75C001AD61F /* CurrentTableViewController.m in Sources */ = {isa = PBXBuildFile; fileRef = 53A59980140EA75C001AD61F /* CurrentTableViewController.m */; };
		53A59983140F4707001AD61F /* book_24.png in Resources */ = {isa = PBXBuildFile; fileRef = 53A59982140F46FF001AD61F /* book_24.png */; };
		53A59985140FFB3A001AD61F /* remind_repeat.png in Resources */ = {isa = PBXBuildFile; fileRef = 53A59984140FFB2F001AD61F /* remind_repeat.png */; };
		53A5999514106078001AD61F /* calendar_nav.png in Resources */ = {isa = PBXBuildFile; fileRef = 53A5999214106056001AD61F /* calendar_nav.png */; };
		53A5999614106078001AD61F /* list_nav.png in Resources */ = {isa = PBXBuildFile; fileRef = 53A599931410605F001AD61F /* list_nav.png */; };
		53A5999714106078001AD61F /* todo_nav.png in Resources */ = {isa = PBXBuildFile; fileRef = 53A5999414106069001AD61F /* todo_nav.png */; };
		53A5999C14106470001AD61F /* addDoc_nav.png in Resources */ = {isa = PBXBuildFile; fileRef = 53A5999A14106459001AD61F /* addDoc_nav.png */; };
		53A5999D14106470001AD61F /* addFolder_nav.png in Resources */ = {isa = PBXBuildFile; fileRef = 53A5999B14106462001AD61F /* addFolder_nav.png */; };
		53A599A0141064B7001AD61F /* tasks_nav.png in Resources */ = {isa = PBXBuildFile; fileRef = 53A5999E141064A9001AD61F /* tasks_nav.png */; };
		53A599A1141064B7001AD61F /* viewFolders_nav.png in Resources */ = {isa = PBXBuildFile; fileRef = 53A5999F141064B0001AD61F /* viewFolders_nav.png */; };
		53A599A314107244001AD61F /* folder_24.png in Resources */ = {isa = PBXBuildFile; fileRef = 53A599A214107239001AD61F /* folder_24.png */; };
		53A599A71410A135001AD61F /* CustomTextField.m in Sources */ = {isa = PBXBuildFile; fileRef = 53A599A61410A135001AD61F /* CustomTextField.m */; };
		53ACA96814187C06002A5946 /* Keyboard_Text.png in Resources */ = {isa = PBXBuildFile; fileRef = 53ACA96714187C06002A5946 /* Keyboard_Text.png */; };
		53F3D8081415B9BB00122880 /* Appointment.m in Sources */ = {isa = PBXBuildFile; fileRef = 53F3D8071415B9BB00122880 /* Appointment.m */; };
		53F3D80B1415BA0800122880 /* Task.m in Sources */ = {isa = PBXBuildFile; fileRef = 53F3D80A1415BA0800122880 /* Task.m */; };
		53F3D80D1415C00600122880 /* 101to101a.xcmappingmodel in Sources */ = {isa = PBXBuildFile; fileRef = 53F3D80C1415C00600122880 /* 101to101a.xcmappingmodel */; };
		53FB859E13FAEC3800765BFC /* UIKit.framework in Frameworks */ = {isa = PBXBuildFile; fileRef = 53FB859D13FAEC3800765BFC /* UIKit.framework */; };
		53FB85A013FAEC3800765BFC /* Foundation.framework in Frameworks */ = {isa = PBXBuildFile; fileRef = 53FB859F13FAEC3800765BFC /* Foundation.framework */; };
		53FB85A213FAEC3800765BFC /* CoreGraphics.framework in Frameworks */ = {isa = PBXBuildFile; fileRef = 53FB85A113FAEC3800765BFC /* CoreGraphics.framework */; };
		53FB85A413FAEC3800765BFC /* CoreData.framework in Frameworks */ = {isa = PBXBuildFile; fileRef = 53FB85A313FAEC3800765BFC /* CoreData.framework */; };
		53FB85AA13FAEC3800765BFC /* InfoPlist.strings in Resources */ = {isa = PBXBuildFile; fileRef = 53FB85A813FAEC3800765BFC /* InfoPlist.strings */; };
		53FB85AD13FAEC3800765BFC /* main.m in Sources */ = {isa = PBXBuildFile; fileRef = 53FB85AC13FAEC3800765BFC /* main.m */; };
		53FB85B013FAEC3800765BFC /* WriteNowAppDelegate.m in Sources */ = {isa = PBXBuildFile; fileRef = 53FB85AF13FAEC3800765BFC /* WriteNowAppDelegate.m */; };
		53FB85B313FAEC3800765BFC /* MainWindow.xib in Resources */ = {isa = PBXBuildFile; fileRef = 53FB85B113FAEC3800765BFC /* MainWindow.xib */; };
		53FB85BD13FAEC3900765BFC /* UIKit.framework in Frameworks */ = {isa = PBXBuildFile; fileRef = 53FB859D13FAEC3800765BFC /* UIKit.framework */; };
		53FB85BE13FAEC3900765BFC /* Foundation.framework in Frameworks */ = {isa = PBXBuildFile; fileRef = 53FB859F13FAEC3800765BFC /* Foundation.framework */; };
		53FB85BF13FAEC3900765BFC /* CoreGraphics.framework in Frameworks */ = {isa = PBXBuildFile; fileRef = 53FB85A113FAEC3800765BFC /* CoreGraphics.framework */; };
		53FB85C013FAEC3900765BFC /* CoreData.framework in Frameworks */ = {isa = PBXBuildFile; fileRef = 53FB85A313FAEC3800765BFC /* CoreData.framework */; };
		53FB85C813FAEC3900765BFC /* InfoPlist.strings in Resources */ = {isa = PBXBuildFile; fileRef = 53FB85C613FAEC3900765BFC /* InfoPlist.strings */; };
		53FB85CB13FAEC3900765BFC /* WriteNowTests.h in Resources */ = {isa = PBXBuildFile; fileRef = 53FB85CA13FAEC3900765BFC /* WriteNowTests.h */; };
		53FB85CD13FAEC3900765BFC /* WriteNowTests.m in Sources */ = {isa = PBXBuildFile; fileRef = 53FB85CC13FAEC3900765BFC /* WriteNowTests.m */; };
		53FB85DC13FAEE3600765BFC /* document-nice-114.png in Resources */ = {isa = PBXBuildFile; fileRef = 53FB85DB13FAEE3600765BFC /* document-nice-114.png */; };
		53FB85DE13FAEE4100765BFC /* document-nice-57.png in Resources */ = {isa = PBXBuildFile; fileRef = 53FB85DD13FAEE4100765BFC /* document-nice-57.png */; };
/* End PBXBuildFile section */

/* Begin PBXContainerItemProxy section */
		53FB85C113FAEC3900765BFC /* PBXContainerItemProxy */ = {
			isa = PBXContainerItemProxy;
			containerPortal = 53FB859013FAEC3800765BFC /* Project object */;
			proxyType = 1;
			remoteGlobalIDString = 53FB859813FAEC3800765BFC;
			remoteInfo = WriteNow;
		};
/* End PBXContainerItemProxy section */

/* Begin PBXFileReference section */
		530DA07713FAFEDB0044914D /* WriteNow.xcdatamodel */ = {isa = PBXFileReference; lastKnownFileType = wrapper.xcdatamodel; path = WriteNow.xcdatamodel; sourceTree = "<group>"; };
		5315678213FB4B620044C5A9 /* QuartzCore.framework */ = {isa = PBXFileReference; lastKnownFileType = wrapper.framework; name = QuartzCore.framework; path = System/Library/Frameworks/QuartzCore.framework; sourceTree = SDKROOT; };
		5315679E13FB665F0044C5A9 /* SettingsViewController.h */ = {isa = PBXFileReference; fileEncoding = 4; lastKnownFileType = sourcecode.c.h; path = SettingsViewController.h; sourceTree = "<group>"; };
		5315679F13FB665F0044C5A9 /* SettingsViewController.m */ = {isa = PBXFileReference; fileEncoding = 4; lastKnownFileType = sourcecode.c.objc; path = SettingsViewController.m; sourceTree = "<group>"; };
		531567AE13FB7F7F0044C5A9 /* CurrentViewController.h */ = {isa = PBXFileReference; fileEncoding = 4; lastKnownFileType = sourcecode.c.h; path = CurrentViewController.h; sourceTree = "<group>"; };
		531567AF13FB7F7F0044C5A9 /* CurrentViewController.m */ = {isa = PBXFileReference; fileEncoding = 4; lastKnownFileType = sourcecode.c.objc; path = CurrentViewController.m; sourceTree = "<group>"; };
		531567B013FB7F7F0044C5A9 /* CurrentViewController.xib */ = {isa = PBXFileReference; fileEncoding = 4; lastKnownFileType = file.xib; path = CurrentViewController.xib; sourceTree = "<group>"; };
		531567B713FB827A0044C5A9 /* classic_folder_documents.png */ = {isa = PBXFileReference; lastKnownFileType = image.png; name = classic_folder_documents.png; path = ../../miMemo/miMemo/classic_folder_documents.png; sourceTree = "<group>"; };
		531567BA13FB827A0044C5A9 /* document_small.png */ = {isa = PBXFileReference; lastKnownFileType = image.png; name = document_small.png; path = ../../miMemo/miMemo/document_small.png; sourceTree = "<group>"; };
		531567BB13FB827A0044C5A9 /* documents_folder_white.png */ = {isa = PBXFileReference; lastKnownFileType = image.png; name = documents_folder_white.png; path = ../../miMemo/miMemo/documents_folder_white.png; sourceTree = "<group>"; };
		531567BC13FB827A0044C5A9 /* documents_white_small.png */ = {isa = PBXFileReference; lastKnownFileType = image.png; name = documents_white_small.png; path = ../../miMemo/miMemo/documents_white_small.png; sourceTree = "<group>"; };
		531567BD13FB827A0044C5A9 /* documents.png */ = {isa = PBXFileReference; lastKnownFileType = image.png; name = documents.png; path = ../../miMemo/miMemo/documents.png; sourceTree = "<group>"; };
		531567BE13FB827A0044C5A9 /* FileCustomCell.h */ = {isa = PBXFileReference; fileEncoding = 4; lastKnownFileType = sourcecode.c.h; name = FileCustomCell.h; path = ../../miMemo/miMemo/FileCustomCell.h; sourceTree = "<group>"; };
		531567BF13FB827A0044C5A9 /* FileCustomCell.m */ = {isa = PBXFileReference; fileEncoding = 4; lastKnownFileType = sourcecode.c.objc; name = FileCustomCell.m; path = ../../miMemo/miMemo/FileCustomCell.m; sourceTree = "<group>"; };
		531567C013FB827A0044C5A9 /* FileCustomCell.xib */ = {isa = PBXFileReference; fileEncoding = 4; lastKnownFileType = file.xib; name = FileCustomCell.xib; path = ../../miMemo/miMemo/FileCustomCell.xib; sourceTree = "<group>"; };
		531567C113FB827A0044C5A9 /* folder_open_go.png */ = {isa = PBXFileReference; lastKnownFileType = image.png; name = folder_open_go.png; path = ../../miMemo/miMemo/folder_open_go.png; sourceTree = "<group>"; };
		531567C213FB827A0044C5A9 /* folder_small.png */ = {isa = PBXFileReference; lastKnownFileType = image.png; name = folder_small.png; path = ../../miMemo/miMemo/folder_small.png; sourceTree = "<group>"; };
		531567C313FB827A0044C5A9 /* FolderCell.h */ = {isa = PBXFileReference; fileEncoding = 4; lastKnownFileType = sourcecode.c.h; name = FolderCell.h; path = ../../miMemo/miMemo/FolderCell.h; sourceTree = "<group>"; };
		531567C413FB827A0044C5A9 /* FolderCell.m */ = {isa = PBXFileReference; fileEncoding = 4; lastKnownFileType = sourcecode.c.objc; name = FolderCell.m; path = ../../miMemo/miMemo/FolderCell.m; sourceTree = "<group>"; };
		531567C513FB827A0044C5A9 /* FolderCell.xib */ = {isa = PBXFileReference; fileEncoding = 4; lastKnownFileType = file.xib; name = FolderCell.xib; path = ../../miMemo/miMemo/FolderCell.xib; sourceTree = "<group>"; };
		531567C613FB827A0044C5A9 /* lined_paper_320x200.png */ = {isa = PBXFileReference; lastKnownFileType = image.png; name = lined_paper_320x200.png; path = ../../miMemo/miMemo/lined_paper_320x200.png; sourceTree = "<group>"; };
		531567C713FB827A0044C5A9 /* MEMO_FINAL3.png */ = {isa = PBXFileReference; lastKnownFileType = image.png; name = MEMO_FINAL3.png; path = ../../miMemo/miMemo/MEMO_FINAL3.png; sourceTree = "<group>"; };
		531567C813FB827A0044C5A9 /* MEMO.png */ = {isa = PBXFileReference; lastKnownFileType = image.png; name = MEMO.png; path = ../../miMemo/miMemo/MEMO.png; sourceTree = "<group>"; };
		531567C913FB827A0044C5A9 /* multi_folder_badged.png */ = {isa = PBXFileReference; lastKnownFileType = image.png; name = multi_folder_badged.png; path = ../../miMemo/miMemo/multi_folder_badged.png; sourceTree = "<group>"; };
		531567CA13FB827A0044C5A9 /* note_go.png */ = {isa = PBXFileReference; lastKnownFileType = image.png; name = note_go.png; path = ../../miMemo/miMemo/note_go.png; sourceTree = "<group>"; };
		531567CB13FB827A0044C5A9 /* note_small.png */ = {isa = PBXFileReference; lastKnownFileType = image.png; name = note_small.png; path = ../../miMemo/miMemo/note_small.png; sourceTree = "<group>"; };
		531567CC13FB827A0044C5A9 /* NSManagedObjectContext-insert.h */ = {isa = PBXFileReference; fileEncoding = 4; lastKnownFileType = sourcecode.c.h; name = "NSManagedObjectContext-insert.h"; path = "../../miMemo/miMemo/NSManagedObjectContext-insert.h"; sourceTree = "<group>"; };
		531567CD13FB827A0044C5A9 /* NSManagedObjectContext-insert.m */ = {isa = PBXFileReference; fileEncoding = 4; lastKnownFileType = sourcecode.c.objc; name = "NSManagedObjectContext-insert.m"; path = "../../miMemo/miMemo/NSManagedObjectContext-insert.m"; sourceTree = "<group>"; };
		531567CE13FB827A0044C5A9 /* StartScreenCustomCell.h */ = {isa = PBXFileReference; fileEncoding = 4; lastKnownFileType = sourcecode.c.h; name = StartScreenCustomCell.h; path = ../../miMemo/miMemo/StartScreenCustomCell.h; sourceTree = "<group>"; };
		531567CF13FB827A0044C5A9 /* StartScreenCustomCell.m */ = {isa = PBXFileReference; fileEncoding = 4; lastKnownFileType = sourcecode.c.objc; name = StartScreenCustomCell.m; path = ../../miMemo/miMemo/StartScreenCustomCell.m; sourceTree = "<group>"; };
		531567D013FB827A0044C5A9 /* StartScreenCustomCell.xib */ = {isa = PBXFileReference; fileEncoding = 4; lastKnownFileType = file.xib; name = StartScreenCustomCell.xib; path = ../../miMemo/miMemo/StartScreenCustomCell.xib; sourceTree = "<group>"; };
		531567D113FB827A0044C5A9 /* TaskCustomCell.h */ = {isa = PBXFileReference; fileEncoding = 4; lastKnownFileType = sourcecode.c.h; name = TaskCustomCell.h; path = ../../miMemo/miMemo/TaskCustomCell.h; sourceTree = "<group>"; };
		531567D213FB827A0044C5A9 /* TaskCustomCell.m */ = {isa = PBXFileReference; fileEncoding = 4; lastKnownFileType = sourcecode.c.objc; name = TaskCustomCell.m; path = ../../miMemo/miMemo/TaskCustomCell.m; sourceTree = "<group>"; };
		531567D313FB827A0044C5A9 /* TaskCustomCell.xib */ = {isa = PBXFileReference; fileEncoding = 4; lastKnownFileType = file.xib; name = TaskCustomCell.xib; path = ../../miMemo/miMemo/TaskCustomCell.xib; sourceTree = "<group>"; };
		531567D413FB827A0044C5A9 /* Tasks icon.png */ = {isa = PBXFileReference; lastKnownFileType = image.png; name = "Tasks icon.png"; path = "../../miMemo/miMemo/Tasks icon.png"; sourceTree = "<group>"; };
		531567D513FB827A0044C5A9 /* ToDo.png */ = {isa = PBXFileReference; lastKnownFileType = image.png; name = ToDo.png; path = ../../miMemo/miMemo/ToDo.png; sourceTree = "<group>"; };
		531567F213FB83560044C5A9 /* CalendarViewController.h */ = {isa = PBXFileReference; fileEncoding = 4; lastKnownFileType = sourcecode.c.h; path = CalendarViewController.h; sourceTree = "<group>"; };
		531567F313FB83560044C5A9 /* CalendarViewController.m */ = {isa = PBXFileReference; fileEncoding = 4; lastKnownFileType = sourcecode.c.objc; path = CalendarViewController.m; sourceTree = "<group>"; };
		531567F413FB83560044C5A9 /* CalendarViewController.xib */ = {isa = PBXFileReference; fileEncoding = 4; lastKnownFileType = file.xib; path = CalendarViewController.xib; sourceTree = "<group>"; };
		531567F713FB83800044C5A9 /* DiaryViewController.h */ = {isa = PBXFileReference; fileEncoding = 4; lastKnownFileType = sourcecode.c.h; path = DiaryViewController.h; sourceTree = "<group>"; };
		531567F813FB83800044C5A9 /* DiaryViewController.m */ = {isa = PBXFileReference; fileEncoding = 4; lastKnownFileType = sourcecode.c.objc; path = DiaryViewController.m; sourceTree = "<group>"; };
		531567FC13FB83B00044C5A9 /* FoldersViewController.h */ = {isa = PBXFileReference; fileEncoding = 4; lastKnownFileType = sourcecode.c.h; path = FoldersViewController.h; sourceTree = "<group>"; };
		531567FD13FB83B00044C5A9 /* FoldersViewController.m */ = {isa = PBXFileReference; fileEncoding = 4; lastKnownFileType = sourcecode.c.objc; path = FoldersViewController.m; sourceTree = "<group>"; };
		531567FE13FB83B00044C5A9 /* FoldersViewController.xib */ = {isa = PBXFileReference; fileEncoding = 4; lastKnownFileType = file.xib; path = FoldersViewController.xib; sourceTree = "<group>"; };
		5318F1EF13FE0F6C00BFDCC5 /* add-item.png */ = {isa = PBXFileReference; lastKnownFileType = image.png; path = "add-item.png"; sourceTree = "<group>"; };
		5318F1F113FE0FAB00BFDCC5 /* calendar.png */ = {isa = PBXFileReference; lastKnownFileType = image.png; path = calendar.png; sourceTree = "<group>"; };
		532F191213FB0D9500CECBD1 /* MainViewController.h */ = {isa = PBXFileReference; fileEncoding = 4; lastKnownFileType = sourcecode.c.h; path = MainViewController.h; sourceTree = "<group>"; };
		532F191313FB0D9500CECBD1 /* MainViewController.m */ = {isa = PBXFileReference; fileEncoding = 4; lastKnownFileType = sourcecode.c.objc; path = MainViewController.m; sourceTree = "<group>"; };
		533D3D3013FEE1120043833E /* note_accept.png */ = {isa = PBXFileReference; lastKnownFileType = image.png; path = note_accept.png; sourceTree = "<group>"; };
		533D3D3313FF98320043833E /* bluebutton.png */ = {isa = PBXFileReference; lastKnownFileType = image.png; path = bluebutton.png; sourceTree = "<group>"; };
		533D3D3513FF99220043833E /* AppointmentCustomCell.h */ = {isa = PBXFileReference; fileEncoding = 4; lastKnownFileType = sourcecode.c.h; path = AppointmentCustomCell.h; sourceTree = "<group>"; };
		533D3D3613FF99220043833E /* AppointmentCustomCell.m */ = {isa = PBXFileReference; fileEncoding = 4; lastKnownFileType = sourcecode.c.objc; path = AppointmentCustomCell.m; sourceTree = "<group>"; };
		533D3D3813FF99470043833E /* AppointmentCustomCell.xib */ = {isa = PBXFileReference; fileEncoding = 4; lastKnownFileType = file.xib; path = AppointmentCustomCell.xib; sourceTree = "<group>"; };
		533D3D42140017130043833E /* DiaryTableViewController.h */ = {isa = PBXFileReference; fileEncoding = 4; lastKnownFileType = sourcecode.c.h; path = DiaryTableViewController.h; sourceTree = "<group>"; };
		533D3D43140017130043833E /* DiaryTableViewController.m */ = {isa = PBXFileReference; fileEncoding = 4; lastKnownFileType = sourcecode.c.objc; path = DiaryTableViewController.m; sourceTree = "<group>"; };
		533D3D45140017EE0043833E /* TasksTableViewController.h */ = {isa = PBXFileReference; fileEncoding = 4; lastKnownFileType = sourcecode.c.h; path = TasksTableViewController.h; sourceTree = "<group>"; };
		533D3D46140017EE0043833E /* TasksTableViewController.m */ = {isa = PBXFileReference; fileEncoding = 4; lastKnownFileType = sourcecode.c.objc; path = TasksTableViewController.m; sourceTree = "<group>"; };
		533D3D4E140061750043833E /* AppointmentsTableViewController.h */ = {isa = PBXFileReference; fileEncoding = 4; lastKnownFileType = sourcecode.c.h; path = AppointmentsTableViewController.h; sourceTree = "<group>"; };
		533D3D4F140061750043833E /* AppointmentsTableViewController.m */ = {isa = PBXFileReference; fileEncoding = 4; lastKnownFileType = sourcecode.c.objc; path = AppointmentsTableViewController.m; sourceTree = "<group>"; };
		533D3D52140089B60043833E /* DetailViewController.h */ = {isa = PBXFileReference; fileEncoding = 4; lastKnownFileType = sourcecode.c.h; path = DetailViewController.h; sourceTree = "<group>"; };
		533D3D53140089B60043833E /* DetailViewController.m */ = {isa = PBXFileReference; fileEncoding = 4; lastKnownFileType = sourcecode.c.objc; path = DetailViewController.m; sourceTree = "<group>"; };
		533D3D54140089B60043833E /* DetailViewController.xib */ = {isa = PBXFileReference; fileEncoding = 4; lastKnownFileType = file.xib; path = DetailViewController.xib; sourceTree = "<group>"; };
		53421C9B1404C1B200CFF414 /* edit.png */ = {isa = PBXFileReference; lastKnownFileType = image.png; path = edit.png; sourceTree = "<group>"; };
		53421C9E1404C1BD00CFF414 /* email.png */ = {isa = PBXFileReference; lastKnownFileType = image.png; path = email.png; sourceTree = "<group>"; };
		53421CA01404C1D700CFF414 /* full-screen.png */ = {isa = PBXFileReference; lastKnownFileType = image.png; path = "full-screen.png"; sourceTree = "<group>"; };
		53421CA21404C22700CFF414 /* save.png */ = {isa = PBXFileReference; lastKnownFileType = image.png; path = save.png; sourceTree = "<group>"; };
		53421CA41404C25C00CFF414 /* push-pin.png */ = {isa = PBXFileReference; lastKnownFileType = image.png; path = "push-pin.png"; sourceTree = "<group>"; };
		53421CA61404C28600CFF414 /* delete-item.png */ = {isa = PBXFileReference; lastKnownFileType = image.png; path = "delete-item.png"; sourceTree = "<group>"; };
		53421CA81404C2BD00CFF414 /* 12-eye.png */ = {isa = PBXFileReference; lastKnownFileType = image.png; path = "12-eye.png"; sourceTree = "<group>"; };
		53421CAA1404C33900CFF414 /* 63-runner.png */ = {isa = PBXFileReference; lastKnownFileType = image.png; path = "63-runner.png"; sourceTree = "<group>"; };
		53421CB01404D39300CFF414 /* keyboard_24.png */ = {isa = PBXFileReference; lastKnownFileType = image.png; path = keyboard_24.png; sourceTree = "<group>"; };
		53421CB41404D5A400CFF414 /* keyboard_down.png */ = {isa = PBXFileReference; lastKnownFileType = image.png; path = keyboard_down.png; sourceTree = "<group>"; };
		53421CB61404D5F600CFF414 /* clock_running.png */ = {isa = PBXFileReference; lastKnownFileType = image.png; path = clock_running.png; sourceTree = "<group>"; };
		53421CB81404D71A00CFF414 /* storage_24.png */ = {isa = PBXFileReference; lastKnownFileType = image.png; path = storage_24.png; sourceTree = "<group>"; };
		53421CBA1404D8D500CFF414 /* save_document.png */ = {isa = PBXFileReference; lastKnownFileType = image.png; path = save_document.png; sourceTree = "<group>"; };
		53421CC01404DC4000CFF414 /* document_todo.png */ = {isa = PBXFileReference; lastKnownFileType = image.png; path = document_todo.png; sourceTree = "<group>"; };
		53421CCA1404F67D00CFF414 /* arrow_left_24.png */ = {isa = PBXFileReference; lastKnownFileType = image.png; path = arrow_left_24.png; sourceTree = "<group>"; };
		53421CCC1404F7E600CFF414 /* alarm_24.png */ = {isa = PBXFileReference; lastKnownFileType = image.png; path = alarm_24.png; sourceTree = "<group>"; };
		53421CCD1404F7ED00CFF414 /* alarm_check_24.png */ = {isa = PBXFileReference; lastKnownFileType = image.png; path = alarm_check_24.png; sourceTree = "<group>"; };
		53421CCE1404F7F500CFF414 /* alarm_on_24.png */ = {isa = PBXFileReference; lastKnownFileType = image.png; path = alarm_on_24.png; sourceTree = "<group>"; };
		53421CCF1404F80600CFF414 /* calendar_24.png */ = {isa = PBXFileReference; lastKnownFileType = image.png; path = calendar_24.png; sourceTree = "<group>"; };
		53421CD01404F80D00CFF414 /* clock_24.png */ = {isa = PBXFileReference; lastKnownFileType = image.png; path = clock_24.png; sourceTree = "<group>"; };
		53421CD61404FF3B00CFF414 /* alarm_off_24.png */ = {isa = PBXFileReference; lastKnownFileType = image.png; path = alarm_off_24.png; sourceTree = "<group>"; };
		53421CD81405021C00CFF414 /* arrow_circle_left_24.png */ = {isa = PBXFileReference; lastKnownFileType = image.png; path = arrow_circle_left_24.png; sourceTree = "<group>"; };
		53485BF113FC4EBD001CA9EB /* Place.h */ = {isa = PBXFileReference; fileEncoding = 4; lastKnownFileType = sourcecode.c.h; path = Place.h; sourceTree = "<group>"; };
		53485BF213FC4EBD001CA9EB /* Place.m */ = {isa = PBXFileReference; fileEncoding = 4; lastKnownFileType = sourcecode.c.objc; path = Place.m; sourceTree = "<group>"; };
		53485BF413FC4EBD001CA9EB /* Tag.h */ = {isa = PBXFileReference; fileEncoding = 4; lastKnownFileType = sourcecode.c.h; path = Tag.h; sourceTree = "<group>"; };
		53485BF513FC4EBD001CA9EB /* Tag.m */ = {isa = PBXFileReference; fileEncoding = 4; lastKnownFileType = sourcecode.c.objc; path = Tag.m; sourceTree = "<group>"; };
		53485BF713FC4EBD001CA9EB /* Folder.h */ = {isa = PBXFileReference; fileEncoding = 4; lastKnownFileType = sourcecode.c.h; path = Folder.h; sourceTree = "<group>"; };
		53485BF813FC4EBD001CA9EB /* Folder.m */ = {isa = PBXFileReference; fileEncoding = 4; lastKnownFileType = sourcecode.c.objc; path = Folder.m; sourceTree = "<group>"; };
		53485BFA13FC4EBD001CA9EB /* Person.h */ = {isa = PBXFileReference; fileEncoding = 4; lastKnownFileType = sourcecode.c.h; path = Person.h; sourceTree = "<group>"; };
		53485BFB13FC4EBD001CA9EB /* Person.m */ = {isa = PBXFileReference; fileEncoding = 4; lastKnownFileType = sourcecode.c.objc; path = Person.m; sourceTree = "<group>"; };
		53485BFD13FC4EBD001CA9EB /* File.h */ = {isa = PBXFileReference; fileEncoding = 4; lastKnownFileType = sourcecode.c.h; path = File.h; sourceTree = "<group>"; };
		53485BFE13FC4EBD001CA9EB /* File.m */ = {isa = PBXFileReference; fileEncoding = 4; lastKnownFileType = sourcecode.c.objc; path = File.m; sourceTree = "<group>"; };
		53485C0313FC4EBD001CA9EB /* Note.h */ = {isa = PBXFileReference; fileEncoding = 4; lastKnownFileType = sourcecode.c.h; path = Note.h; sourceTree = "<group>"; };
		53485C0413FC4EBD001CA9EB /* Note.m */ = {isa = PBXFileReference; fileEncoding = 4; lastKnownFileType = sourcecode.c.objc; path = Note.m; sourceTree = "<group>"; };
		53485C0613FC4EBD001CA9EB /* Memo.h */ = {isa = PBXFileReference; fileEncoding = 4; lastKnownFileType = sourcecode.c.h; path = Memo.h; sourceTree = "<group>"; };
		53485C0713FC4EBD001CA9EB /* Memo.m */ = {isa = PBXFileReference; fileEncoding = 4; lastKnownFileType = sourcecode.c.objc; path = Memo.m; sourceTree = "<group>"; };
		537AD84D1400C9B900259452 /* FoldersTableViewController.h */ = {isa = PBXFileReference; fileEncoding = 4; lastKnownFileType = sourcecode.c.h; path = FoldersTableViewController.h; sourceTree = "<group>"; };
		537AD84E1400C9B900259452 /* FoldersTableViewController.m */ = {isa = PBXFileReference; fileEncoding = 4; lastKnownFileType = sourcecode.c.objc; path = FoldersTableViewController.m; sourceTree = "<group>"; };
		537AD8591402544C00259452 /* 11-clock1.png */ = {isa = PBXFileReference; lastKnownFileType = image.png; path = "11-clock1.png"; sourceTree = "<group>"; };
		537C7A5B13FCFF940086D4AE /* 11-clock.png */ = {isa = PBXFileReference; lastKnownFileType = image.png; path = "11-clock.png"; sourceTree = "<group>"; };
		537C7A5C13FCFF940086D4AE /* 15-tags.png */ = {isa = PBXFileReference; lastKnownFileType = image.png; path = "15-tags.png"; sourceTree = "<group>"; };
		537C7A5D13FCFF940086D4AE /* 33-cabinet.png */ = {isa = PBXFileReference; lastKnownFileType = image.png; path = "33-cabinet.png"; sourceTree = "<group>"; };
		537C7A6213FCFFEE0086D4AE /* 83-calendar.png */ = {isa = PBXFileReference; lastKnownFileType = image.png; path = "83-calendar.png"; sourceTree = "<group>"; };
		537C7A6313FCFFEE0086D4AE /* 117-todo.png */ = {isa = PBXFileReference; lastKnownFileType = image.png; path = "117-todo.png"; sourceTree = "<group>"; };
		537C7A6613FD000B0086D4AE /* 179-notepad.png */ = {isa = PBXFileReference; lastKnownFileType = image.png; path = "179-notepad.png"; sourceTree = "<group>"; };
		537C7A6713FD000B0086D4AE /* 180-stickynote.png */ = {isa = PBXFileReference; lastKnownFileType = image.png; path = "180-stickynote.png"; sourceTree = "<group>"; };
		537C7A6A13FD002D0086D4AE /* 14-tag.png */ = {isa = PBXFileReference; lastKnownFileType = image.png; path = "14-tag.png"; sourceTree = "<group>"; };
		537FBE0F13FDA100005E705F /* TasksViewController.h */ = {isa = PBXFileReference; fileEncoding = 4; lastKnownFileType = sourcecode.c.h; path = TasksViewController.h; sourceTree = "<group>"; };
		537FBE1013FDA100005E705F /* TasksViewController.m */ = {isa = PBXFileReference; fileEncoding = 4; lastKnownFileType = sourcecode.c.objc; path = TasksViewController.m; sourceTree = "<group>"; };
		537FBE1113FDA100005E705F /* TasksViewController.xib */ = {isa = PBXFileReference; fileEncoding = 4; lastKnownFileType = file.xib; path = TasksViewController.xib; sourceTree = "<group>"; };
		538164FB1410BA6700E90FD1 /* AddFolderShaded30.png */ = {isa = PBXFileReference; lastKnownFileType = image.png; path = AddFolderShaded30.png; sourceTree = "<group>"; };
		538164FC1410BA6700E90FD1 /* AddNoteShaded30.png */ = {isa = PBXFileReference; lastKnownFileType = image.png; path = AddNoteShaded30.png; sourceTree = "<group>"; };
		538164FD1410BA6700E90FD1 /* book_nav.png */ = {isa = PBXFileReference; lastKnownFileType = image.png; path = book_nav.png; sourceTree = "<group>"; };
		538164FE1410BA6700E90FD1 /* folder_nav.png */ = {isa = PBXFileReference; lastKnownFileType = image.png; path = folder_nav.png; sourceTree = "<group>"; };
		538164FF1410BA6700E90FD1 /* FolderShaded_30.png */ = {isa = PBXFileReference; lastKnownFileType = image.png; path = FolderShaded_30.png; sourceTree = "<group>"; };
		538165001410BA6700E90FD1 /* NotePad_nav.png */ = {isa = PBXFileReference; lastKnownFileType = image.png; path = NotePad_nav.png; sourceTree = "<group>"; };
		538165011410BA6700E90FD1 /* pages_nav.png */ = {isa = PBXFileReference; lastKnownFileType = image.png; path = pages_nav.png; sourceTree = "<group>"; };
		538165021410BA6700E90FD1 /* SaveToArchive_24.png */ = {isa = PBXFileReference; lastKnownFileType = image.png; path = SaveToArchive_24.png; sourceTree = "<group>"; };
		538165031410BA6700E90FD1 /* SaveToArchive30.png */ = {isa = PBXFileReference; lastKnownFileType = image.png; path = SaveToArchive30.png; sourceTree = "<group>"; };
		538ADC3B13FCF6FC005C08CD /* MessageEntryBackground.png */ = {isa = PBXFileReference; lastKnownFileType = image.png; name = MessageEntryBackground.png; path = "../../../Programming2/HansPinckaers-GrowingTextView-86998d6/example/MessageEntryBackground.png"; sourceTree = "<group>"; };
		538ADC3C13FCF6FC005C08CD /* MessageEntryBackground@2x.png */ = {isa = PBXFileReference; lastKnownFileType = image.png; name = "MessageEntryBackground@2x.png"; path = "../../../Programming2/HansPinckaers-GrowingTextView-86998d6/example/MessageEntryBackground@2x.png"; sourceTree = "<group>"; };
		538ADC3D13FCF6FD005C08CD /* MessageEntryInputField.png */ = {isa = PBXFileReference; lastKnownFileType = image.png; name = MessageEntryInputField.png; path = "../../../Programming2/HansPinckaers-GrowingTextView-86998d6/example/MessageEntryInputField.png"; sourceTree = "<group>"; };
		538ADC3E13FCF6FD005C08CD /* MessageEntryInputField@2x.png */ = {isa = PBXFileReference; lastKnownFileType = image.png; name = "MessageEntryInputField@2x.png"; path = "../../../Programming2/HansPinckaers-GrowingTextView-86998d6/example/MessageEntryInputField@2x.png"; sourceTree = "<group>"; };
		53980E78140779A200833716 /* SettingsViewController.xib */ = {isa = PBXFileReference; fileEncoding = 4; lastKnownFileType = file.xib; path = SettingsViewController.xib; sourceTree = "<group>"; };
		53980E881408051400833716 /* CustomTextView.h */ = {isa = PBXFileReference; fileEncoding = 4; lastKnownFileType = sourcecode.c.h; path = CustomTextView.h; sourceTree = "<group>"; };
		53980E891408051500833716 /* CustomTextView.m */ = {isa = PBXFileReference; fileEncoding = 4; lastKnownFileType = sourcecode.c.objc; path = CustomTextView.m; sourceTree = "<group>"; };
		53980E9214095FF700833716 /* AddEntityViewController.h */ = {isa = PBXFileReference; fileEncoding = 4; lastKnownFileType = sourcecode.c.h; path = AddEntityViewController.h; sourceTree = "<group>"; };
		53980E9314095FF700833716 /* AddEntityViewController.m */ = {isa = PBXFileReference; fileEncoding = 4; lastKnownFileType = sourcecode.c.objc; path = AddEntityViewController.m; sourceTree = "<group>"; };
		53980E9414095FF700833716 /* AddEntityViewController.xib */ = {isa = PBXFileReference; fileEncoding = 4; lastKnownFileType = file.xib; path = AddEntityViewController.xib; sourceTree = "<group>"; };
		53980E971409604500833716 /* CustomToolBar.h */ = {isa = PBXFileReference; fileEncoding = 4; lastKnownFileType = sourcecode.c.h; path = CustomToolBar.h; sourceTree = "<group>"; };
		53980E981409604500833716 /* CustomToolBar.m */ = {isa = PBXFileReference; fileEncoding = 4; lastKnownFileType = sourcecode.c.objc; path = CustomToolBar.m; sourceTree = "<group>"; };
		53980E9B1409736B00833716 /* AddEntityTableViewController.h */ = {isa = PBXFileReference; fileEncoding = 4; lastKnownFileType = sourcecode.c.h; path = AddEntityTableViewController.h; sourceTree = "<group>"; };
		53980E9C1409736B00833716 /* AddEntityTableViewController.m */ = {isa = PBXFileReference; fileEncoding = 4; lastKnownFileType = sourcecode.c.objc; path = AddEntityTableViewController.m; sourceTree = "<group>"; };
		53A5997A140E9F1F001AD61F /* CustomToolBarMainView.h */ = {isa = PBXFileReference; fileEncoding = 4; lastKnownFileType = sourcecode.c.h; path = CustomToolBarMainView.h; sourceTree = "<group>"; };
		53A5997B140E9F1F001AD61F /* CustomToolBarMainView.m */ = {isa = PBXFileReference; fileEncoding = 4; lastKnownFileType = sourcecode.c.objc; path = CustomToolBarMainView.m; sourceTree = "<group>"; };
		53A5997F140EA75C001AD61F /* CurrentTableViewController.h */ = {isa = PBXFileReference; fileEncoding = 4; lastKnownFileType = sourcecode.c.h; path = CurrentTableViewController.h; sourceTree = "<group>"; };
		53A59980140EA75C001AD61F /* CurrentTableViewController.m */ = {isa = PBXFileReference; fileEncoding = 4; lastKnownFileType = sourcecode.c.objc; path = CurrentTableViewController.m; sourceTree = "<group>"; };
		53A59982140F46FF001AD61F /* book_24.png */ = {isa = PBXFileReference; lastKnownFileType = image.png; path = book_24.png; sourceTree = "<group>"; };
		53A59984140FFB2F001AD61F /* remind_repeat.png */ = {isa = PBXFileReference; lastKnownFileType = image.png; path = remind_repeat.png; sourceTree = "<group>"; };
		53A5999214106056001AD61F /* calendar_nav.png */ = {isa = PBXFileReference; lastKnownFileType = image.png; path = calendar_nav.png; sourceTree = "<group>"; };
		53A599931410605F001AD61F /* list_nav.png */ = {isa = PBXFileReference; lastKnownFileType = image.png; path = list_nav.png; sourceTree = "<group>"; };
		53A5999414106069001AD61F /* todo_nav.png */ = {isa = PBXFileReference; lastKnownFileType = image.png; path = todo_nav.png; sourceTree = "<group>"; };
		53A5999A14106459001AD61F /* addDoc_nav.png */ = {isa = PBXFileReference; lastKnownFileType = image.png; path = addDoc_nav.png; sourceTree = "<group>"; };
		53A5999B14106462001AD61F /* addFolder_nav.png */ = {isa = PBXFileReference; lastKnownFileType = image.png; path = addFolder_nav.png; sourceTree = "<group>"; };
		53A5999E141064A9001AD61F /* tasks_nav.png */ = {isa = PBXFileReference; lastKnownFileType = image.png; path = tasks_nav.png; sourceTree = "<group>"; };
		53A5999F141064B0001AD61F /* viewFolders_nav.png */ = {isa = PBXFileReference; lastKnownFileType = image.png; path = viewFolders_nav.png; sourceTree = "<group>"; };
		53A599A214107239001AD61F /* folder_24.png */ = {isa = PBXFileReference; lastKnownFileType = image.png; path = folder_24.png; sourceTree = "<group>"; };
		53A599A51410A135001AD61F /* CustomTextField.h */ = {isa = PBXFileReference; fileEncoding = 4; lastKnownFileType = sourcecode.c.h; path = CustomTextField.h; sourceTree = "<group>"; };
		53A599A61410A135001AD61F /* CustomTextField.m */ = {isa = PBXFileReference; fileEncoding = 4; lastKnownFileType = sourcecode.c.objc; path = CustomTextField.m; sourceTree = "<group>"; };
		53ACA96714187C06002A5946 /* Keyboard_Text.png */ = {isa = PBXFileReference; lastKnownFileType = image.png; path = Keyboard_Text.png; sourceTree = "<group>"; };
		53D2B5CA1415B33400375751 /* WriteNow 2.xcdatamodel */ = {isa = PBXFileReference; lastKnownFileType = wrapper.xcdatamodel; path = "WriteNow 2.xcdatamodel"; sourceTree = "<group>"; };
		53F3D8061415B9BB00122880 /* Appointment.h */ = {isa = PBXFileReference; fileEncoding = 4; lastKnownFileType = sourcecode.c.h; path = Appointment.h; sourceTree = "<group>"; };
		53F3D8071415B9BB00122880 /* Appointment.m */ = {isa = PBXFileReference; fileEncoding = 4; lastKnownFileType = sourcecode.c.objc; path = Appointment.m; sourceTree = "<group>"; };
		53F3D8091415BA0800122880 /* Task.h */ = {isa = PBXFileReference; fileEncoding = 4; lastKnownFileType = sourcecode.c.h; path = Task.h; sourceTree = "<group>"; };
		53F3D80A1415BA0800122880 /* Task.m */ = {isa = PBXFileReference; fileEncoding = 4; lastKnownFileType = sourcecode.c.objc; path = Task.m; sourceTree = "<group>"; };
		53F3D80C1415C00600122880 /* 101to101a.xcmappingmodel */ = {isa = PBXFileReference; lastKnownFileType = wrapper.xcmappingmodel; path = 101to101a.xcmappingmodel; sourceTree = "<group>"; };
		53FB859913FAEC3800765BFC /* WriteNow.app */ = {isa = PBXFileReference; explicitFileType = wrapper.application; includeInIndex = 0; path = WriteNow.app; sourceTree = BUILT_PRODUCTS_DIR; };
		53FB859D13FAEC3800765BFC /* UIKit.framework */ = {isa = PBXFileReference; lastKnownFileType = wrapper.framework; name = UIKit.framework; path = System/Library/Frameworks/UIKit.framework; sourceTree = SDKROOT; };
		53FB859F13FAEC3800765BFC /* Foundation.framework */ = {isa = PBXFileReference; lastKnownFileType = wrapper.framework; name = Foundation.framework; path = System/Library/Frameworks/Foundation.framework; sourceTree = SDKROOT; };
		53FB85A113FAEC3800765BFC /* CoreGraphics.framework */ = {isa = PBXFileReference; lastKnownFileType = wrapper.framework; name = CoreGraphics.framework; path = System/Library/Frameworks/CoreGraphics.framework; sourceTree = SDKROOT; };
		53FB85A313FAEC3800765BFC /* CoreData.framework */ = {isa = PBXFileReference; lastKnownFileType = wrapper.framework; name = CoreData.framework; path = System/Library/Frameworks/CoreData.framework; sourceTree = SDKROOT; };
		53FB85A713FAEC3800765BFC /* WriteNow-Info.plist */ = {isa = PBXFileReference; lastKnownFileType = text.plist.xml; path = "WriteNow-Info.plist"; sourceTree = "<group>"; };
		53FB85A913FAEC3800765BFC /* en */ = {isa = PBXFileReference; lastKnownFileType = text.plist.strings; name = en; path = en.lproj/InfoPlist.strings; sourceTree = "<group>"; };
		53FB85AB13FAEC3800765BFC /* WriteNow-Prefix.pch */ = {isa = PBXFileReference; lastKnownFileType = sourcecode.c.h; path = "WriteNow-Prefix.pch"; sourceTree = "<group>"; };
		53FB85AC13FAEC3800765BFC /* main.m */ = {isa = PBXFileReference; lastKnownFileType = sourcecode.c.objc; path = main.m; sourceTree = "<group>"; };
		53FB85AE13FAEC3800765BFC /* WriteNowAppDelegate.h */ = {isa = PBXFileReference; lastKnownFileType = sourcecode.c.h; path = WriteNowAppDelegate.h; sourceTree = "<group>"; };
		53FB85AF13FAEC3800765BFC /* WriteNowAppDelegate.m */ = {isa = PBXFileReference; lastKnownFileType = sourcecode.c.objc; path = WriteNowAppDelegate.m; sourceTree = "<group>"; };
		53FB85B213FAEC3800765BFC /* en */ = {isa = PBXFileReference; lastKnownFileType = file.xib; name = en; path = en.lproj/MainWindow.xib; sourceTree = "<group>"; };
		53FB85BC13FAEC3900765BFC /* WriteNowTests.octest */ = {isa = PBXFileReference; explicitFileType = wrapper.cfbundle; includeInIndex = 0; path = WriteNowTests.octest; sourceTree = BUILT_PRODUCTS_DIR; };
		53FB85C513FAEC3900765BFC /* WriteNowTests-Info.plist */ = {isa = PBXFileReference; lastKnownFileType = text.plist.xml; path = "WriteNowTests-Info.plist"; sourceTree = "<group>"; };
		53FB85C713FAEC3900765BFC /* en */ = {isa = PBXFileReference; lastKnownFileType = text.plist.strings; name = en; path = en.lproj/InfoPlist.strings; sourceTree = "<group>"; };
		53FB85C913FAEC3900765BFC /* WriteNowTests-Prefix.pch */ = {isa = PBXFileReference; lastKnownFileType = sourcecode.c.h; path = "WriteNowTests-Prefix.pch"; sourceTree = "<group>"; };
		53FB85CA13FAEC3900765BFC /* WriteNowTests.h */ = {isa = PBXFileReference; lastKnownFileType = sourcecode.c.h; path = WriteNowTests.h; sourceTree = "<group>"; };
		53FB85CC13FAEC3900765BFC /* WriteNowTests.m */ = {isa = PBXFileReference; lastKnownFileType = sourcecode.c.objc; path = WriteNowTests.m; sourceTree = "<group>"; };
		53FB85DB13FAEE3600765BFC /* document-nice-114.png */ = {isa = PBXFileReference; lastKnownFileType = image.png; name = "document-nice-114.png"; path = "../document-nice-114.png"; sourceTree = "<group>"; };
		53FB85DD13FAEE4100765BFC /* document-nice-57.png */ = {isa = PBXFileReference; lastKnownFileType = image.png; name = "document-nice-57.png"; path = "../document-nice-57.png"; sourceTree = "<group>"; };
/* End PBXFileReference section */

/* Begin PBXFrameworksBuildPhase section */
		53FB859613FAEC3800765BFC /* Frameworks */ = {
			isa = PBXFrameworksBuildPhase;
			buildActionMask = 2147483647;
			files = (
				5315678313FB4B630044C5A9 /* QuartzCore.framework in Frameworks */,
				53FB859E13FAEC3800765BFC /* UIKit.framework in Frameworks */,
				53FB85A013FAEC3800765BFC /* Foundation.framework in Frameworks */,
				53FB85A213FAEC3800765BFC /* CoreGraphics.framework in Frameworks */,
				53FB85A413FAEC3800765BFC /* CoreData.framework in Frameworks */,
			);
			runOnlyForDeploymentPostprocessing = 0;
		};
		53FB85B813FAEC3900765BFC /* Frameworks */ = {
			isa = PBXFrameworksBuildPhase;
			buildActionMask = 2147483647;
			files = (
				53FB85BD13FAEC3900765BFC /* UIKit.framework in Frameworks */,
				53FB85BE13FAEC3900765BFC /* Foundation.framework in Frameworks */,
				53FB85BF13FAEC3900765BFC /* CoreGraphics.framework in Frameworks */,
				53FB85C013FAEC3900765BFC /* CoreData.framework in Frameworks */,
			);
			runOnlyForDeploymentPostprocessing = 0;
		};
/* End PBXFrameworksBuildPhase section */

/* Begin PBXGroup section */
		5315678913FB62E40044C5A9 /* TodayViewController */ = {
			isa = PBXGroup;
			children = (
				53A5997E140EA727001AD61F /* CurrentTableViewController */,
				531567AE13FB7F7F0044C5A9 /* CurrentViewController.h */,
				531567AF13FB7F7F0044C5A9 /* CurrentViewController.m */,
				531567B013FB7F7F0044C5A9 /* CurrentViewController.xib */,
			);
			name = TodayViewController;
			sourceTree = "<group>";
		};
		5315678D13FB636C0044C5A9 /* FolderViewController */ = {
			isa = PBXGroup;
			children = (
				537AD8581400EF5E00259452 /* FilesTableViewController */,
				537AD84B1400C98F00259452 /* FoldersTableViewController */,
				531567FC13FB83B00044C5A9 /* FoldersViewController.h */,
				531567FD13FB83B00044C5A9 /* FoldersViewController.m */,
				531567FE13FB83B00044C5A9 /* FoldersViewController.xib */,
			);
			name = FolderViewController;
			sourceTree = "<group>";
		};
		5315679113FB63990044C5A9 /* DiaryViewController */ = {
			isa = PBXGroup;
			children = (
				531567F713FB83800044C5A9 /* DiaryViewController.h */,
				531567F813FB83800044C5A9 /* DiaryViewController.m */,
			);
			name = DiaryViewController;
			sourceTree = "<group>";
		};
		5315679513FB63C20044C5A9 /* CalendarViewController */ = {
			isa = PBXGroup;
			children = (
				53980E9A1409732800833716 /* AddEntityTableViewController */,
				53E979BD140476F000B780C8 /* AppointmentTableViewController */,
				53A1E76F14049C7A00481EA4 /* TaskTableViewController */,
				53980E8C14095EA800833716 /* AddEntityViewController */,
				531567F213FB83560044C5A9 /* CalendarViewController.h */,
				531567F313FB83560044C5A9 /* CalendarViewController.m */,
				531567F413FB83560044C5A9 /* CalendarViewController.xib */,
			);
			name = CalendarViewController;
			sourceTree = "<group>";
		};
		5315679D13FB663E0044C5A9 /* SettingsViewController */ = {
			isa = PBXGroup;
			children = (
				5315679E13FB665F0044C5A9 /* SettingsViewController.h */,
				5315679F13FB665F0044C5A9 /* SettingsViewController.m */,
				53980E78140779A200833716 /* SettingsViewController.xib */,
			);
			name = SettingsViewController;
			sourceTree = "<group>";
		};
		531567B313FB81F80044C5A9 /* CustomViews */ = {
			isa = PBXGroup;
			children = (
				5381650E1410ED0000E90FD1 /* CustomTextView */,
				53A599A41410A106001AD61F /* CustomTextField */,
				53980E8B14095DD700833716 /* CustomToolBar */,
				538165121410ED6700E90FD1 /* FileCustomCell */,
				538165111410ED5600E90FD1 /* FolderCustomCell */,
				538165131410ED7A00E90FD1 /* StartScreenCustomCell */,
				538165101410ED4400E90FD1 /* TaskCustomCell */,
				5381650F1410ED2B00E90FD1 /* AppointmentCustomCell */,
			);
			name = CustomViews;
			sourceTree = "<group>";
		};
		531567F113FB828B0044C5A9 /* pngs */ = {
			isa = PBXGroup;
			children = (
				53ACA96714187C06002A5946 /* Keyboard_Text.png */,
				538164FB1410BA6700E90FD1 /* AddFolderShaded30.png */,
				538164FC1410BA6700E90FD1 /* AddNoteShaded30.png */,
				538164FD1410BA6700E90FD1 /* book_nav.png */,
				538164FE1410BA6700E90FD1 /* folder_nav.png */,
				538164FF1410BA6700E90FD1 /* FolderShaded_30.png */,
				538165001410BA6700E90FD1 /* NotePad_nav.png */,
				538165011410BA6700E90FD1 /* pages_nav.png */,
				538165021410BA6700E90FD1 /* SaveToArchive_24.png */,
				538165031410BA6700E90FD1 /* SaveToArchive30.png */,
				53A5999E141064A9001AD61F /* tasks_nav.png */,
				53A5999F141064B0001AD61F /* viewFolders_nav.png */,
				53A5999A14106459001AD61F /* addDoc_nav.png */,
				53A5999B14106462001AD61F /* addFolder_nav.png */,
				53A5999214106056001AD61F /* calendar_nav.png */,
				53A599931410605F001AD61F /* list_nav.png */,
				53A5999414106069001AD61F /* todo_nav.png */,
				53A59984140FFB2F001AD61F /* remind_repeat.png */,
				53A59982140F46FF001AD61F /* book_24.png */,
				53421CD81405021C00CFF414 /* arrow_circle_left_24.png */,
				53421CD61404FF3B00CFF414 /* alarm_off_24.png */,
				53421CC01404DC4000CFF414 /* document_todo.png */,
				53421CBA1404D8D500CFF414 /* save_document.png */,
				53421CB81404D71A00CFF414 /* storage_24.png */,
				53421CB61404D5F600CFF414 /* clock_running.png */,
				53421CB01404D39300CFF414 /* keyboard_24.png */,
				53421CB41404D5A400CFF414 /* keyboard_down.png */,
				53421CAA1404C33900CFF414 /* 63-runner.png */,
				53421CA81404C2BD00CFF414 /* 12-eye.png */,
				53421CA61404C28600CFF414 /* delete-item.png */,
				53421CA41404C25C00CFF414 /* push-pin.png */,
				53421CA21404C22700CFF414 /* save.png */,
				53421CA01404C1D700CFF414 /* full-screen.png */,
				53421C9E1404C1BD00CFF414 /* email.png */,
				53421C9B1404C1B200CFF414 /* edit.png */,
				53421CCC1404F7E600CFF414 /* alarm_24.png */,
				53421CCD1404F7ED00CFF414 /* alarm_check_24.png */,
				53421CCE1404F7F500CFF414 /* alarm_on_24.png */,
				53421CCF1404F80600CFF414 /* calendar_24.png */,
				53421CD01404F80D00CFF414 /* clock_24.png */,
				537AD8591402544C00259452 /* 11-clock1.png */,
				533D3D3313FF98320043833E /* bluebutton.png */,
				537C7A6613FD000B0086D4AE /* 179-notepad.png */,
				537C7A6713FD000B0086D4AE /* 180-stickynote.png */,
				537C7A6213FCFFEE0086D4AE /* 83-calendar.png */,
				537C7A6313FCFFEE0086D4AE /* 117-todo.png */,
				537C7A5B13FCFF940086D4AE /* 11-clock.png */,
				537C7A5C13FCFF940086D4AE /* 15-tags.png */,
				537C7A5D13FCFF940086D4AE /* 33-cabinet.png */,
				538ADC3B13FCF6FC005C08CD /* MessageEntryBackground.png */,
				538ADC3C13FCF6FC005C08CD /* MessageEntryBackground@2x.png */,
				538ADC3D13FCF6FD005C08CD /* MessageEntryInputField.png */,
				538ADC3E13FCF6FD005C08CD /* MessageEntryInputField@2x.png */,
				53421CCA1404F67D00CFF414 /* arrow_left_24.png */,
				5318F1F113FE0FAB00BFDCC5 /* calendar.png */,
				537C7A6A13FD002D0086D4AE /* 14-tag.png */,
				531567B713FB827A0044C5A9 /* classic_folder_documents.png */,
				531567C113FB827A0044C5A9 /* folder_open_go.png */,
				531567C213FB827A0044C5A9 /* folder_small.png */,
				53A599A214107239001AD61F /* folder_24.png */,
				533D3D3013FEE1120043833E /* note_accept.png */,
				5318F1EF13FE0F6C00BFDCC5 /* add-item.png */,
				531567BA13FB827A0044C5A9 /* document_small.png */,
				531567BB13FB827A0044C5A9 /* documents_folder_white.png */,
				531567BC13FB827A0044C5A9 /* documents_white_small.png */,
				531567BD13FB827A0044C5A9 /* documents.png */,
				531567C913FB827A0044C5A9 /* multi_folder_badged.png */,
				531567CA13FB827A0044C5A9 /* note_go.png */,
				531567CB13FB827A0044C5A9 /* note_small.png */,
				531567C613FB827A0044C5A9 /* lined_paper_320x200.png */,
				531567C713FB827A0044C5A9 /* MEMO_FINAL3.png */,
				531567C813FB827A0044C5A9 /* MEMO.png */,
				531567D413FB827A0044C5A9 /* Tasks icon.png */,
				531567D513FB827A0044C5A9 /* ToDo.png */,
			);
			name = pngs;
			sourceTree = "<group>";
		};
		532F191013FB0D6500CECBD1 /* MainViewController */ = {
			isa = PBXGroup;
			children = (
				532F191213FB0D9500CECBD1 /* MainViewController.h */,
				532F191313FB0D9500CECBD1 /* MainViewController.m */,
			);
			name = MainViewController;
			sourceTree = "<group>";
		};
		533D3D51140089500043833E /* DetailViewController */ = {
			isa = PBXGroup;
			children = (
				533D3D52140089B60043833E /* DetailViewController.h */,
				533D3D53140089B60043833E /* DetailViewController.m */,
				533D3D54140089B60043833E /* DetailViewController.xib */,
			);
			name = DetailViewController;
			sourceTree = "<group>";
		};
		536FBF4113FB12AA000B8B28 /* ManagedObjects */ = {
			isa = PBXGroup;
			children = (
				53F3D8091415BA0800122880 /* Task.h */,
				53F3D80A1415BA0800122880 /* Task.m */,
				53F3D8061415B9BB00122880 /* Appointment.h */,
				53F3D8071415B9BB00122880 /* Appointment.m */,
				531567CC13FB827A0044C5A9 /* NSManagedObjectContext-insert.h */,
				531567CD13FB827A0044C5A9 /* NSManagedObjectContext-insert.m */,
				530DA07613FAFEDB0044914D /* WriteNow.xcdatamodeld */,
				53485C0613FC4EBD001CA9EB /* Memo.h */,
				53485C0713FC4EBD001CA9EB /* Memo.m */,
				53485C0313FC4EBD001CA9EB /* Note.h */,
				53485C0413FC4EBD001CA9EB /* Note.m */,
				53485BFD13FC4EBD001CA9EB /* File.h */,
				53485BFE13FC4EBD001CA9EB /* File.m */,
				53485BFA13FC4EBD001CA9EB /* Person.h */,
				53485BFB13FC4EBD001CA9EB /* Person.m */,
				53485BF713FC4EBD001CA9EB /* Folder.h */,
				53485BF813FC4EBD001CA9EB /* Folder.m */,
				53485BF413FC4EBD001CA9EB /* Tag.h */,
				53485BF513FC4EBD001CA9EB /* Tag.m */,
				53485BF113FC4EBD001CA9EB /* Place.h */,
				53485BF213FC4EBD001CA9EB /* Place.m */,
				53F3D80C1415C00600122880 /* 101to101a.xcmappingmodel */,
			);
			name = ManagedObjects;
			sourceTree = "<group>";
		};
		537AD84B1400C98F00259452 /* FoldersTableViewController */ = {
			isa = PBXGroup;
			children = (
				537AD84D1400C9B900259452 /* FoldersTableViewController.h */,
				537AD84E1400C9B900259452 /* FoldersTableViewController.m */,
			);
			name = FoldersTableViewController;
			sourceTree = "<group>";
		};
		537AD8581400EF5E00259452 /* FilesTableViewController */ = {
			isa = PBXGroup;
			children = (
				533D3D42140017130043833E /* DiaryTableViewController.h */,
				533D3D43140017130043833E /* DiaryTableViewController.m */,
			);
			name = FilesTableViewController;
			sourceTree = "<group>";
		};
		537FBE0D13FDA0E1005E705F /* Tasks */ = {
			isa = PBXGroup;
			children = (
				537FBE0F13FDA100005E705F /* TasksViewController.h */,
				537FBE1013FDA100005E705F /* TasksViewController.m */,
				537FBE1113FDA100005E705F /* TasksViewController.xib */,
			);
			name = Tasks;
			sourceTree = "<group>";
		};
		5381650E1410ED0000E90FD1 /* CustomTextView */ = {
			isa = PBXGroup;
			children = (
				53980E881408051400833716 /* CustomTextView.h */,
				53980E891408051500833716 /* CustomTextView.m */,
			);
			name = CustomTextView;
			sourceTree = "<group>";
		};
		5381650F1410ED2B00E90FD1 /* AppointmentCustomCell */ = {
			isa = PBXGroup;
			children = (
				533D3D3513FF99220043833E /* AppointmentCustomCell.h */,
				533D3D3613FF99220043833E /* AppointmentCustomCell.m */,
				533D3D3813FF99470043833E /* AppointmentCustomCell.xib */,
			);
			name = AppointmentCustomCell;
			sourceTree = "<group>";
		};
		538165101410ED4400E90FD1 /* TaskCustomCell */ = {
			isa = PBXGroup;
			children = (
				531567D113FB827A0044C5A9 /* TaskCustomCell.h */,
				531567D213FB827A0044C5A9 /* TaskCustomCell.m */,
				531567D313FB827A0044C5A9 /* TaskCustomCell.xib */,
			);
			name = TaskCustomCell;
			sourceTree = "<group>";
		};
		538165111410ED5600E90FD1 /* FolderCustomCell */ = {
			isa = PBXGroup;
			children = (
				531567C313FB827A0044C5A9 /* FolderCell.h */,
				531567C413FB827A0044C5A9 /* FolderCell.m */,
				531567C513FB827A0044C5A9 /* FolderCell.xib */,
			);
			name = FolderCustomCell;
			sourceTree = "<group>";
		};
		538165121410ED6700E90FD1 /* FileCustomCell */ = {
			isa = PBXGroup;
			children = (
				531567BE13FB827A0044C5A9 /* FileCustomCell.h */,
				531567BF13FB827A0044C5A9 /* FileCustomCell.m */,
				531567C013FB827A0044C5A9 /* FileCustomCell.xib */,
			);
			name = FileCustomCell;
			sourceTree = "<group>";
		};
		538165131410ED7A00E90FD1 /* StartScreenCustomCell */ = {
			isa = PBXGroup;
			children = (
				531567CE13FB827A0044C5A9 /* StartScreenCustomCell.h */,
				531567CF13FB827A0044C5A9 /* StartScreenCustomCell.m */,
				531567D013FB827A0044C5A9 /* StartScreenCustomCell.xib */,
			);
			name = StartScreenCustomCell;
			sourceTree = "<group>";
		};
		53980E8B14095DD700833716 /* CustomToolBar */ = {
			isa = PBXGroup;
			children = (
				53980E971409604500833716 /* CustomToolBar.h */,
				53980E981409604500833716 /* CustomToolBar.m */,
				53A5997A140E9F1F001AD61F /* CustomToolBarMainView.h */,
				53A5997B140E9F1F001AD61F /* CustomToolBarMainView.m */,
			);
			name = CustomToolBar;
			sourceTree = "<group>";
		};
		53980E8C14095EA800833716 /* AddEntityViewController */ = {
			isa = PBXGroup;
			children = (
				53980E9214095FF700833716 /* AddEntityViewController.h */,
				53980E9314095FF700833716 /* AddEntityViewController.m */,
				53980E9414095FF700833716 /* AddEntityViewController.xib */,
			);
			name = AddEntityViewController;
			sourceTree = "<group>";
		};
		53980E9A1409732800833716 /* AddEntityTableViewController */ = {
			isa = PBXGroup;
			children = (
				537FBE0D13FDA0E1005E705F /* Tasks */,
				53980E9B1409736B00833716 /* AddEntityTableViewController.h */,
				53980E9C1409736B00833716 /* AddEntityTableViewController.m */,
			);
			name = AddEntityTableViewController;
			sourceTree = "<group>";
		};
		53A1E76F14049C7A00481EA4 /* TaskTableViewController */ = {
			isa = PBXGroup;
			children = (
				533D3D45140017EE0043833E /* TasksTableViewController.h */,
				533D3D46140017EE0043833E /* TasksTableViewController.m */,
			);
			name = TaskTableViewController;
			sourceTree = "<group>";
		};
		53A5997E140EA727001AD61F /* CurrentTableViewController */ = {
			isa = PBXGroup;
			children = (
				53A5997F140EA75C001AD61F /* CurrentTableViewController.h */,
				53A59980140EA75C001AD61F /* CurrentTableViewController.m */,
			);
			name = CurrentTableViewController;
			sourceTree = "<group>";
		};
		53A599A41410A106001AD61F /* CustomTextField */ = {
			isa = PBXGroup;
			children = (
				53A599A51410A135001AD61F /* CustomTextField.h */,
				53A599A61410A135001AD61F /* CustomTextField.m */,
			);
			name = CustomTextField;
			sourceTree = "<group>";
		};
		53E979BC140476AC00B780C8 /* Application Delegate */ = {
			isa = PBXGroup;
			children = (
				53FB85AE13FAEC3800765BFC /* WriteNowAppDelegate.h */,
				53FB85AF13FAEC3800765BFC /* WriteNowAppDelegate.m */,
			);
			name = "Application Delegate";
			sourceTree = "<group>";
		};
		53E979BD140476F000B780C8 /* AppointmentTableViewController */ = {
			isa = PBXGroup;
			children = (
				533D3D4E140061750043833E /* AppointmentsTableViewController.h */,
				533D3D4F140061750043833E /* AppointmentsTableViewController.m */,
			);
			name = AppointmentTableViewController;
			sourceTree = "<group>";
		};
		53FB858E13FAEC3800765BFC = {
			isa = PBXGroup;
			children = (
				53FB85A513FAEC3800765BFC /* WriteNow */,
				53FB85C313FAEC3900765BFC /* WriteNowTests */,
				53FB859C13FAEC3800765BFC /* Frameworks */,
				53FB859A13FAEC3800765BFC /* Products */,
			);
			sourceTree = "<group>";
		};
		53FB859A13FAEC3800765BFC /* Products */ = {
			isa = PBXGroup;
			children = (
				53FB859913FAEC3800765BFC /* WriteNow.app */,
				53FB85BC13FAEC3900765BFC /* WriteNowTests.octest */,
			);
			name = Products;
			sourceTree = "<group>";
		};
		53FB859C13FAEC3800765BFC /* Frameworks */ = {
			isa = PBXGroup;
			children = (
				5315678213FB4B620044C5A9 /* QuartzCore.framework */,
				53FB859D13FAEC3800765BFC /* UIKit.framework */,
				53FB859F13FAEC3800765BFC /* Foundation.framework */,
				53FB85A113FAEC3800765BFC /* CoreGraphics.framework */,
				53FB85A313FAEC3800765BFC /* CoreData.framework */,
			);
			name = Frameworks;
			sourceTree = "<group>";
		};
		53FB85A513FAEC3800765BFC /* WriteNow */ = {
			isa = PBXGroup;
			children = (
				53E979BC140476AC00B780C8 /* Application Delegate */,
				533D3D51140089500043833E /* DetailViewController */,
				536FBF4113FB12AA000B8B28 /* ManagedObjects */,
				531567B313FB81F80044C5A9 /* CustomViews */,
				5315679D13FB663E0044C5A9 /* SettingsViewController */,
				5315679113FB63990044C5A9 /* DiaryViewController */,
				5315678D13FB636C0044C5A9 /* FolderViewController */,
				5315679513FB63C20044C5A9 /* CalendarViewController */,
				5315678913FB62E40044C5A9 /* TodayViewController */,
				532F191013FB0D6500CECBD1 /* MainViewController */,
				53FB85B113FAEC3800765BFC /* MainWindow.xib */,
				53FB85A613FAEC3800765BFC /* Supporting Files */,
			);
			path = WriteNow;
			sourceTree = "<group>";
		};
		53FB85A613FAEC3800765BFC /* Supporting Files */ = {
			isa = PBXGroup;
			children = (
				531567F113FB828B0044C5A9 /* pngs */,
				53FB85DF13FAEE9E00765BFC /* AppIcons */,
				53FB85A713FAEC3800765BFC /* WriteNow-Info.plist */,
				53FB85A813FAEC3800765BFC /* InfoPlist.strings */,
				53FB85AB13FAEC3800765BFC /* WriteNow-Prefix.pch */,
				53FB85AC13FAEC3800765BFC /* main.m */,
			);
			name = "Supporting Files";
			sourceTree = "<group>";
		};
		53FB85C313FAEC3900765BFC /* WriteNowTests */ = {
			isa = PBXGroup;
			children = (
				53FB85CA13FAEC3900765BFC /* WriteNowTests.h */,
				53FB85CC13FAEC3900765BFC /* WriteNowTests.m */,
				53FB85C413FAEC3900765BFC /* Supporting Files */,
			);
			path = WriteNowTests;
			sourceTree = "<group>";
		};
		53FB85C413FAEC3900765BFC /* Supporting Files */ = {
			isa = PBXGroup;
			children = (
				53FB85C513FAEC3900765BFC /* WriteNowTests-Info.plist */,
				53FB85C613FAEC3900765BFC /* InfoPlist.strings */,
				53FB85C913FAEC3900765BFC /* WriteNowTests-Prefix.pch */,
			);
			name = "Supporting Files";
			sourceTree = "<group>";
		};
		53FB85DF13FAEE9E00765BFC /* AppIcons */ = {
			isa = PBXGroup;
			children = (
				53FB85DD13FAEE4100765BFC /* document-nice-57.png */,
				53FB85DB13FAEE3600765BFC /* document-nice-114.png */,
			);
			name = AppIcons;
			sourceTree = "<group>";
		};
/* End PBXGroup section */

/* Begin PBXNativeTarget section */
		53FB859813FAEC3800765BFC /* WriteNow */ = {
			isa = PBXNativeTarget;
			buildConfigurationList = 53FB85D013FAEC3900765BFC /* Build configuration list for PBXNativeTarget "WriteNow" */;
			buildPhases = (
				53FB859513FAEC3800765BFC /* Sources */,
				53FB859613FAEC3800765BFC /* Frameworks */,
				53FB859713FAEC3800765BFC /* Resources */,
			);
			buildRules = (
			);
			dependencies = (
			);
			name = WriteNow;
			productName = WriteNow;
			productReference = 53FB859913FAEC3800765BFC /* WriteNow.app */;
			productType = "com.apple.product-type.application";
		};
		53FB85BB13FAEC3900765BFC /* WriteNowTests */ = {
			isa = PBXNativeTarget;
			buildConfigurationList = 53FB85D313FAEC3900765BFC /* Build configuration list for PBXNativeTarget "WriteNowTests" */;
			buildPhases = (
				53FB85B713FAEC3900765BFC /* Sources */,
				53FB85B813FAEC3900765BFC /* Frameworks */,
				53FB85B913FAEC3900765BFC /* Resources */,
				53FB85BA13FAEC3900765BFC /* ShellScript */,
			);
			buildRules = (
			);
			dependencies = (
				53FB85C213FAEC3900765BFC /* PBXTargetDependency */,
			);
			name = WriteNowTests;
			productName = WriteNowTests;
			productReference = 53FB85BC13FAEC3900765BFC /* WriteNowTests.octest */;
			productType = "com.apple.product-type.bundle";
		};
/* End PBXNativeTarget section */

/* Begin PBXProject section */
		53FB859013FAEC3800765BFC /* Project object */ = {
			isa = PBXProject;
			buildConfigurationList = 53FB859313FAEC3800765BFC /* Build configuration list for PBXProject "WriteNow" */;
			compatibilityVersion = "Xcode 3.2";
			developmentRegion = English;
			hasScannedForEncodings = 0;
			knownRegions = (
				en,
			);
			mainGroup = 53FB858E13FAEC3800765BFC;
			productRefGroup = 53FB859A13FAEC3800765BFC /* Products */;
			projectDirPath = "";
			projectRoot = "";
			targets = (
				53FB859813FAEC3800765BFC /* WriteNow */,
				53FB85BB13FAEC3900765BFC /* WriteNowTests */,
			);
		};
/* End PBXProject section */

/* Begin PBXResourcesBuildPhase section */
		53FB859713FAEC3800765BFC /* Resources */ = {
			isa = PBXResourcesBuildPhase;
			buildActionMask = 2147483647;
			files = (
				53FB85AA13FAEC3800765BFC /* InfoPlist.strings in Resources */,
				53FB85B313FAEC3800765BFC /* MainWindow.xib in Resources */,
				53FB85DC13FAEE3600765BFC /* document-nice-114.png in Resources */,
				53FB85DE13FAEE4100765BFC /* document-nice-57.png in Resources */,
				531567B213FB7F7F0044C5A9 /* CurrentViewController.xib in Resources */,
				531567D813FB827A0044C5A9 /* classic_folder_documents.png in Resources */,
				531567DA13FB827A0044C5A9 /* document_small.png in Resources */,
				531567DB13FB827A0044C5A9 /* documents_folder_white.png in Resources */,
				531567DC13FB827A0044C5A9 /* documents_white_small.png in Resources */,
				531567DD13FB827A0044C5A9 /* documents.png in Resources */,
				531567DF13FB827A0044C5A9 /* FileCustomCell.xib in Resources */,
				531567E013FB827A0044C5A9 /* folder_open_go.png in Resources */,
				531567E113FB827A0044C5A9 /* folder_small.png in Resources */,
				531567E313FB827A0044C5A9 /* FolderCell.xib in Resources */,
				531567E413FB827A0044C5A9 /* lined_paper_320x200.png in Resources */,
				531567E513FB827A0044C5A9 /* MEMO_FINAL3.png in Resources */,
				531567E613FB827A0044C5A9 /* MEMO.png in Resources */,
				531567E713FB827A0044C5A9 /* multi_folder_badged.png in Resources */,
				531567E813FB827A0044C5A9 /* note_go.png in Resources */,
				531567E913FB827A0044C5A9 /* note_small.png in Resources */,
				531567EC13FB827A0044C5A9 /* StartScreenCustomCell.xib in Resources */,
				531567EE13FB827A0044C5A9 /* TaskCustomCell.xib in Resources */,
				531567EF13FB827A0044C5A9 /* Tasks icon.png in Resources */,
				531567F013FB827A0044C5A9 /* ToDo.png in Resources */,
				531567F613FB83560044C5A9 /* CalendarViewController.xib in Resources */,
				5315680013FB83B00044C5A9 /* FoldersViewController.xib in Resources */,
				538ADC3F13FCF6FE005C08CD /* MessageEntryBackground.png in Resources */,
				538ADC4013FCF6FE005C08CD /* MessageEntryBackground@2x.png in Resources */,
				538ADC4113FCF6FE005C08CD /* MessageEntryInputField.png in Resources */,
				538ADC4213FCF6FE005C08CD /* MessageEntryInputField@2x.png in Resources */,
				537C7A5E13FCFF940086D4AE /* 11-clock.png in Resources */,
				537C7A5F13FCFF940086D4AE /* 15-tags.png in Resources */,
				537C7A6013FCFF940086D4AE /* 33-cabinet.png in Resources */,
				537C7A6413FCFFEE0086D4AE /* 83-calendar.png in Resources */,
				537C7A6513FCFFEE0086D4AE /* 117-todo.png in Resources */,
				537C7A6813FD000B0086D4AE /* 179-notepad.png in Resources */,
				537C7A6913FD000B0086D4AE /* 180-stickynote.png in Resources */,
				537C7A6B13FD002D0086D4AE /* 14-tag.png in Resources */,
				537FBE1313FDA100005E705F /* TasksViewController.xib in Resources */,
				5318F1F013FE0F6C00BFDCC5 /* add-item.png in Resources */,
				5318F1F213FE0FAB00BFDCC5 /* calendar.png in Resources */,
				533D3D3113FEE1120043833E /* note_accept.png in Resources */,
				533D3D3413FF98320043833E /* bluebutton.png in Resources */,
				533D3D3913FF99470043833E /* AppointmentCustomCell.xib in Resources */,
				533D3D56140089B60043833E /* DetailViewController.xib in Resources */,
				537AD85A1402544C00259452 /* 11-clock1.png in Resources */,
				53421C9C1404C1B200CFF414 /* edit.png in Resources */,
				53421C9F1404C1BD00CFF414 /* email.png in Resources */,
				53421CA11404C1D700CFF414 /* full-screen.png in Resources */,
				53421CA31404C22700CFF414 /* save.png in Resources */,
				53421CA51404C25C00CFF414 /* push-pin.png in Resources */,
				53421CA71404C28600CFF414 /* delete-item.png in Resources */,
				53421CA91404C2BD00CFF414 /* 12-eye.png in Resources */,
				53421CAB1404C33900CFF414 /* 63-runner.png in Resources */,
				53421CB11404D39400CFF414 /* keyboard_24.png in Resources */,
				53421CB51404D5A500CFF414 /* keyboard_down.png in Resources */,
				53421CB71404D5F700CFF414 /* clock_running.png in Resources */,
				53421CB91404D71B00CFF414 /* storage_24.png in Resources */,
				53421CBB1404D8D600CFF414 /* save_document.png in Resources */,
				53421CC11404DC4100CFF414 /* document_todo.png in Resources */,
				53421CCB1404F68600CFF414 /* arrow_left_24.png in Resources */,
				53421CD11404F81600CFF414 /* alarm_24.png in Resources */,
				53421CD21404F81600CFF414 /* alarm_check_24.png in Resources */,
				53421CD31404F81600CFF414 /* alarm_on_24.png in Resources */,
				53421CD41404F81600CFF414 /* calendar_24.png in Resources */,
				53421CD51404F81600CFF414 /* clock_24.png in Resources */,
				53421CD71404FF4300CFF414 /* alarm_off_24.png in Resources */,
				53421CD91405022300CFF414 /* arrow_circle_left_24.png in Resources */,
				53980E79140779A200833716 /* SettingsViewController.xib in Resources */,
				53980E9614095FF700833716 /* AddEntityViewController.xib in Resources */,
				53A59983140F4707001AD61F /* book_24.png in Resources */,
				53A59985140FFB3A001AD61F /* remind_repeat.png in Resources */,
				53A5999514106078001AD61F /* calendar_nav.png in Resources */,
				53A5999614106078001AD61F /* list_nav.png in Resources */,
				53A5999714106078001AD61F /* todo_nav.png in Resources */,
				53A5999C14106470001AD61F /* addDoc_nav.png in Resources */,
				53A5999D14106470001AD61F /* addFolder_nav.png in Resources */,
				53A599A0141064B7001AD61F /* tasks_nav.png in Resources */,
				53A599A1141064B7001AD61F /* viewFolders_nav.png in Resources */,
				53A599A314107244001AD61F /* folder_24.png in Resources */,
				538165041410BA6700E90FD1 /* AddFolderShaded30.png in Resources */,
				538165051410BA6700E90FD1 /* AddNoteShaded30.png in Resources */,
				538165061410BA6700E90FD1 /* book_nav.png in Resources */,
				538165071410BA6700E90FD1 /* folder_nav.png in Resources */,
				538165081410BA6700E90FD1 /* FolderShaded_30.png in Resources */,
				538165091410BA6700E90FD1 /* NotePad_nav.png in Resources */,
				5381650A1410BA6700E90FD1 /* pages_nav.png in Resources */,
				5381650B1410BA6700E90FD1 /* SaveToArchive_24.png in Resources */,
				5381650C1410BA6700E90FD1 /* SaveToArchive30.png in Resources */,
				53ACA96814187C06002A5946 /* Keyboard_Text.png in Resources */,
			);
			runOnlyForDeploymentPostprocessing = 0;
		};
		53FB85B913FAEC3900765BFC /* Resources */ = {
			isa = PBXResourcesBuildPhase;
			buildActionMask = 2147483647;
			files = (
				53FB85C813FAEC3900765BFC /* InfoPlist.strings in Resources */,
				53FB85CB13FAEC3900765BFC /* WriteNowTests.h in Resources */,
			);
			runOnlyForDeploymentPostprocessing = 0;
		};
/* End PBXResourcesBuildPhase section */

/* Begin PBXShellScriptBuildPhase section */
		53FB85BA13FAEC3900765BFC /* ShellScript */ = {
			isa = PBXShellScriptBuildPhase;
			buildActionMask = 2147483647;
			files = (
			);
			inputPaths = (
			);
			outputPaths = (
			);
			runOnlyForDeploymentPostprocessing = 0;
			shellPath = /bin/sh;
			shellScript = "# Run the unit tests in this test bundle.\n\"${SYSTEM_DEVELOPER_DIR}/Tools/RunUnitTests\"\n";
		};
/* End PBXShellScriptBuildPhase section */

/* Begin PBXSourcesBuildPhase section */
		53FB859513FAEC3800765BFC /* Sources */ = {
			isa = PBXSourcesBuildPhase;
			buildActionMask = 2147483647;
			files = (
				53FB85AD13FAEC3800765BFC /* main.m in Sources */,
				53FB85B013FAEC3800765BFC /* WriteNowAppDelegate.m in Sources */,
				530DA07813FAFEDB0044914D /* WriteNow.xcdatamodeld in Sources */,
				532F191413FB0D9500CECBD1 /* MainViewController.m in Sources */,
				531567A013FB665F0044C5A9 /* SettingsViewController.m in Sources */,
				531567B113FB7F7F0044C5A9 /* CurrentViewController.m in Sources */,
				531567DE13FB827A0044C5A9 /* FileCustomCell.m in Sources */,
				531567E213FB827A0044C5A9 /* FolderCell.m in Sources */,
				531567EA13FB827A0044C5A9 /* NSManagedObjectContext-insert.m in Sources */,
				531567EB13FB827A0044C5A9 /* StartScreenCustomCell.m in Sources */,
				531567ED13FB827A0044C5A9 /* TaskCustomCell.m in Sources */,
				531567F513FB83560044C5A9 /* CalendarViewController.m in Sources */,
				531567FA13FB83800044C5A9 /* DiaryViewController.m in Sources */,
				531567FF13FB83B00044C5A9 /* FoldersViewController.m in Sources */,
				53485BF313FC4EBD001CA9EB /* Place.m in Sources */,
				53485BF613FC4EBD001CA9EB /* Tag.m in Sources */,
				53485BF913FC4EBD001CA9EB /* Folder.m in Sources */,
				53485BFC13FC4EBD001CA9EB /* Person.m in Sources */,
				53485BFF13FC4EBD001CA9EB /* File.m in Sources */,
				53485C0513FC4EBD001CA9EB /* Note.m in Sources */,
				53485C0813FC4EBD001CA9EB /* Memo.m in Sources */,
				537FBE1213FDA100005E705F /* TasksViewController.m in Sources */,
				533D3D3713FF99230043833E /* AppointmentCustomCell.m in Sources */,
				533D3D44140017130043833E /* DiaryTableViewController.m in Sources */,
				533D3D47140017EE0043833E /* TasksTableViewController.m in Sources */,
				533D3D50140061750043833E /* AppointmentsTableViewController.m in Sources */,
				533D3D55140089B60043833E /* DetailViewController.m in Sources */,
				537AD84F1400C9B900259452 /* FoldersTableViewController.m in Sources */,
				53980E8A1408051500833716 /* CustomTextView.m in Sources */,
				53980E9514095FF700833716 /* AddEntityViewController.m in Sources */,
				53980E991409604500833716 /* CustomToolBar.m in Sources */,
				53980E9D1409736B00833716 /* AddEntityTableViewController.m in Sources */,
				53A5997C140E9F1F001AD61F /* CustomToolBarMainView.m in Sources */,
				53A59981140EA75C001AD61F /* CurrentTableViewController.m in Sources */,
				53A599A71410A135001AD61F /* CustomTextField.m in Sources */,
				53F3D8081415B9BB00122880 /* Appointment.m in Sources */,
				53F3D80B1415BA0800122880 /* Task.m in Sources */,
				53F3D80D1415C00600122880 /* 101to101a.xcmappingmodel in Sources */,
			);
			runOnlyForDeploymentPostprocessing = 0;
		};
		53FB85B713FAEC3900765BFC /* Sources */ = {
			isa = PBXSourcesBuildPhase;
			buildActionMask = 2147483647;
			files = (
				53FB85CD13FAEC3900765BFC /* WriteNowTests.m in Sources */,
			);
			runOnlyForDeploymentPostprocessing = 0;
		};
/* End PBXSourcesBuildPhase section */

/* Begin PBXTargetDependency section */
		53FB85C213FAEC3900765BFC /* PBXTargetDependency */ = {
			isa = PBXTargetDependency;
			target = 53FB859813FAEC3800765BFC /* WriteNow */;
			targetProxy = 53FB85C113FAEC3900765BFC /* PBXContainerItemProxy */;
		};
/* End PBXTargetDependency section */

/* Begin PBXVariantGroup section */
		53FB85A813FAEC3800765BFC /* InfoPlist.strings */ = {
			isa = PBXVariantGroup;
			children = (
				53FB85A913FAEC3800765BFC /* en */,
			);
			name = InfoPlist.strings;
			sourceTree = "<group>";
		};
		53FB85B113FAEC3800765BFC /* MainWindow.xib */ = {
			isa = PBXVariantGroup;
			children = (
				53FB85B213FAEC3800765BFC /* en */,
			);
			name = MainWindow.xib;
			sourceTree = "<group>";
		};
		53FB85C613FAEC3900765BFC /* InfoPlist.strings */ = {
			isa = PBXVariantGroup;
			children = (
				53FB85C713FAEC3900765BFC /* en */,
			);
			name = InfoPlist.strings;
			sourceTree = "<group>";
		};
/* End PBXVariantGroup section */

/* Begin XCBuildConfiguration section */
		53FB85CE13FAEC3900765BFC /* Debug */ = {
			isa = XCBuildConfiguration;
			buildSettings = {
				ARCHS = "$(ARCHS_STANDARD_32_BIT)";
				"CODE_SIGN_IDENTITY[sdk=iphoneos*]" = "iPhone Developer";
				GCC_C_LANGUAGE_STANDARD = gnu99;
				GCC_OPTIMIZATION_LEVEL = 0;
				GCC_PREPROCESSOR_DEFINITIONS = DEBUG;
				GCC_SYMBOLS_PRIVATE_EXTERN = NO;
				GCC_VERSION = com.apple.compilers.llvmgcc42;
				GCC_WARN_ABOUT_RETURN_TYPE = YES;
				GCC_WARN_UNUSED_VARIABLE = YES;
				IPHONEOS_DEPLOYMENT_TARGET = 4.3;
				SDKROOT = iphoneos;
			};
			name = Debug;
		};
		53FB85CF13FAEC3900765BFC /* Release */ = {
			isa = XCBuildConfiguration;
			buildSettings = {
				ARCHS = "$(ARCHS_STANDARD_32_BIT)";
				"CODE_SIGN_IDENTITY[sdk=iphoneos*]" = "iPhone Developer";
				GCC_C_LANGUAGE_STANDARD = gnu99;
				GCC_VERSION = com.apple.compilers.llvmgcc42;
				GCC_WARN_ABOUT_RETURN_TYPE = YES;
				GCC_WARN_UNUSED_VARIABLE = YES;
				IPHONEOS_DEPLOYMENT_TARGET = 4.3;
				OTHER_CFLAGS = "-DNS_BLOCK_ASSERTIONS=1";
				SDKROOT = iphoneos;
			};
			name = Release;
		};
		53FB85D113FAEC3900765BFC /* Debug */ = {
			isa = XCBuildConfiguration;
			buildSettings = {
				ALWAYS_SEARCH_USER_PATHS = NO;
				COPY_PHASE_STRIP = NO;
				GCC_DYNAMIC_NO_PIC = NO;
				GCC_PRECOMPILE_PREFIX_HEADER = YES;
				GCC_PREFIX_HEADER = "WriteNow/WriteNow-Prefix.pch";
				INFOPLIST_FILE = "WriteNow/WriteNow-Info.plist";
				IPHONEOS_DEPLOYMENT_TARGET = 4.2;
				PRODUCT_NAME = "$(TARGET_NAME)";
				WRAPPER_EXTENSION = app;
			};
			name = Debug;
		};
		53FB85D213FAEC3900765BFC /* Release */ = {
			isa = XCBuildConfiguration;
			buildSettings = {
				ALWAYS_SEARCH_USER_PATHS = NO;
				COPY_PHASE_STRIP = YES;
				GCC_PRECOMPILE_PREFIX_HEADER = YES;
				GCC_PREFIX_HEADER = "WriteNow/WriteNow-Prefix.pch";
				INFOPLIST_FILE = "WriteNow/WriteNow-Info.plist";
				IPHONEOS_DEPLOYMENT_TARGET = 4.2;
				PRODUCT_NAME = "$(TARGET_NAME)";
				VALIDATE_PRODUCT = YES;
				WRAPPER_EXTENSION = app;
			};
			name = Release;
		};
		53FB85D413FAEC3900765BFC /* Debug */ = {
			isa = XCBuildConfiguration;
			buildSettings = {
				ALWAYS_SEARCH_USER_PATHS = NO;
				BUNDLE_LOADER = "$(BUILT_PRODUCTS_DIR)/WriteNow.app/WriteNow";
				FRAMEWORK_SEARCH_PATHS = (
					"$(SDKROOT)/Developer/Library/Frameworks",
					"$(DEVELOPER_LIBRARY_DIR)/Frameworks",
				);
				GCC_PRECOMPILE_PREFIX_HEADER = YES;
				GCC_PREFIX_HEADER = "WriteNowTests/WriteNowTests-Prefix.pch";
				INFOPLIST_FILE = "WriteNowTests/WriteNowTests-Info.plist";
				OTHER_LDFLAGS = (
					"-framework",
					SenTestingKit,
				);
				PRODUCT_NAME = "$(TARGET_NAME)";
				TEST_HOST = "$(BUNDLE_LOADER)";
				WRAPPER_EXTENSION = octest;
			};
			name = Debug;
		};
		53FB85D513FAEC3900765BFC /* Release */ = {
			isa = XCBuildConfiguration;
			buildSettings = {
				ALWAYS_SEARCH_USER_PATHS = NO;
				BUNDLE_LOADER = "$(BUILT_PRODUCTS_DIR)/WriteNow.app/WriteNow";
				FRAMEWORK_SEARCH_PATHS = (
					"$(SDKROOT)/Developer/Library/Frameworks",
					"$(DEVELOPER_LIBRARY_DIR)/Frameworks",
				);
				GCC_PRECOMPILE_PREFIX_HEADER = YES;
				GCC_PREFIX_HEADER = "WriteNowTests/WriteNowTests-Prefix.pch";
				INFOPLIST_FILE = "WriteNowTests/WriteNowTests-Info.plist";
				OTHER_LDFLAGS = (
					"-framework",
					SenTestingKit,
				);
				PRODUCT_NAME = "$(TARGET_NAME)";
				TEST_HOST = "$(BUNDLE_LOADER)";
				WRAPPER_EXTENSION = octest;
			};
			name = Release;
		};
/* End XCBuildConfiguration section */

/* Begin XCConfigurationList section */
		53FB859313FAEC3800765BFC /* Build configuration list for PBXProject "WriteNow" */ = {
			isa = XCConfigurationList;
			buildConfigurations = (
				53FB85CE13FAEC3900765BFC /* Debug */,
				53FB85CF13FAEC3900765BFC /* Release */,
			);
			defaultConfigurationIsVisible = 0;
			defaultConfigurationName = Release;
		};
		53FB85D013FAEC3900765BFC /* Build configuration list for PBXNativeTarget "WriteNow" */ = {
			isa = XCConfigurationList;
			buildConfigurations = (
				53FB85D113FAEC3900765BFC /* Debug */,
				53FB85D213FAEC3900765BFC /* Release */,
			);
			defaultConfigurationIsVisible = 0;
			defaultConfigurationName = Release;
		};
		53FB85D313FAEC3900765BFC /* Build configuration list for PBXNativeTarget "WriteNowTests" */ = {
			isa = XCConfigurationList;
			buildConfigurations = (
				53FB85D413FAEC3900765BFC /* Debug */,
				53FB85D513FAEC3900765BFC /* Release */,
			);
			defaultConfigurationIsVisible = 0;
			defaultConfigurationName = Release;
		};
/* End XCConfigurationList section */

/* Begin XCVersionGroup section */
		530DA07613FAFEDB0044914D /* WriteNow.xcdatamodeld */ = {
			isa = XCVersionGroup;
			children = (
				53D2B5CA1415B33400375751 /* WriteNow 2.xcdatamodel */,
				530DA07713FAFEDB0044914D /* WriteNow.xcdatamodel */,
			);
			currentVersion = 530DA07713FAFEDB0044914D /* WriteNow.xcdatamodel */;
			path = WriteNow.xcdatamodeld;
			sourceTree = "<group>";
			versionGroupType = wrapper.xcdatamodel;
		};
/* End XCVersionGroup section */
	};
	rootObject = 53FB859013FAEC3800765BFC /* Project object */;
}
